// !$*UTF8*$!
{
	archiveVersion = 1;
	classes = {
	};
	objectVersion = 56;
	objects = {

/* Begin PBXBuildFile section */
		AB0A963A2B3AEA8D00EC1C44 /* NavigationBarView.swift in Sources */ = {isa = PBXBuildFile; fileRef = AB0A96392B3AEA8D00EC1C44 /* NavigationBarView.swift */; };
		AB0A963C2B3B002100EC1C44 /* NavigationBarModifier.swift in Sources */ = {isa = PBXBuildFile; fileRef = AB0A963B2B3B002100EC1C44 /* NavigationBarModifier.swift */; };
		AB0A96472B3B03D300EC1C44 /* ProfileCoordinatorView.swift in Sources */ = {isa = PBXBuildFile; fileRef = AB0A96462B3B03D300EC1C44 /* ProfileCoordinatorView.swift */; };
		AB0A96492B3B041600EC1C44 /* ProfileCoordinator.swift in Sources */ = {isa = PBXBuildFile; fileRef = AB0A96482B3B041600EC1C44 /* ProfileCoordinator.swift */; };
		AB0A964B2B3B13C300EC1C44 /* ProfileView.swift in Sources */ = {isa = PBXBuildFile; fileRef = AB0A964A2B3B13C300EC1C44 /* ProfileView.swift */; };
		AB1F74602B347C450097D70A /* ForgetPasswordView.swift in Sources */ = {isa = PBXBuildFile; fileRef = AB1F745F2B347C450097D70A /* ForgetPasswordView.swift */; };
		AB22E2CF2B3458DF00B6B562 /* GoogleService-Info.plist in Resources */ = {isa = PBXBuildFile; fileRef = AB22E2CE2B3458DF00B6B562 /* GoogleService-Info.plist */; };
		AB22E2D22B345A7700B6B562 /* FirebaseAuth in Frameworks */ = {isa = PBXBuildFile; productRef = AB22E2D12B345A7700B6B562 /* FirebaseAuth */; };
		AB22E2D42B345A7700B6B562 /* FirebaseFirestore in Frameworks */ = {isa = PBXBuildFile; productRef = AB22E2D32B345A7700B6B562 /* FirebaseFirestore */; };
		AB22E2D62B345A7700B6B562 /* FirebaseFirestoreSwift in Frameworks */ = {isa = PBXBuildFile; productRef = AB22E2D52B345A7700B6B562 /* FirebaseFirestoreSwift */; };
		AB22E2D82B345A7700B6B562 /* FirebaseStorage in Frameworks */ = {isa = PBXBuildFile; productRef = AB22E2D72B345A7700B6B562 /* FirebaseStorage */; };
		AB31BE192B25FFF4004D3915 /* SF-Pro-Display-Bold.ttf in Resources */ = {isa = PBXBuildFile; fileRef = ABD739162B25F425001D2CBF /* SF-Pro-Display-Bold.ttf */; };
		AB31BE1D2B262479004D3915 /* CustomTextField.swift in Sources */ = {isa = PBXBuildFile; fileRef = AB31BE1C2B262479004D3915 /* CustomTextField.swift */; };
		AB31BE242B269B99004D3915 /* RegisterView.swift in Sources */ = {isa = PBXBuildFile; fileRef = AB31BE232B269B99004D3915 /* RegisterView.swift */; };
		AB501B002B2859F100A5968D /* AuthCoordinatorView.swift in Sources */ = {isa = PBXBuildFile; fileRef = AB501AFF2B2859F100A5968D /* AuthCoordinatorView.swift */; };
		AB501B062B285EDF00A5968D /* Country.swift in Sources */ = {isa = PBXBuildFile; fileRef = AB501B052B285EDF00A5968D /* Country.swift */; };
		AB501B092B285F0C00A5968D /* CountryCodes.json in Resources */ = {isa = PBXBuildFile; fileRef = AB501B082B285F0C00A5968D /* CountryCodes.json */; };
		AB501B0B2B285F8900A5968D /* BaseAuthViewModel.swift in Sources */ = {isa = PBXBuildFile; fileRef = AB501B0A2B285F8900A5968D /* BaseAuthViewModel.swift */; };
		AB501B0F2B28626400A5968D /* CountryCodesViewModel.swift in Sources */ = {isa = PBXBuildFile; fileRef = AB501B0E2B28626400A5968D /* CountryCodesViewModel.swift */; };
		AB501B112B286D0A00A5968D /* CountryCodesView.swift in Sources */ = {isa = PBXBuildFile; fileRef = AB501B102B286D0A00A5968D /* CountryCodesView.swift */; };
		AB501B172B29AB3600A5968D /* OTPView.swift in Sources */ = {isa = PBXBuildFile; fileRef = AB501B162B29AB3600A5968D /* OTPView.swift */; };
		AB62366E2B249EA00090F9C0 /* SystemDesign.swift in Sources */ = {isa = PBXBuildFile; fileRef = AB62366D2B249EA00090F9C0 /* SystemDesign.swift */; };
		AB6236702B249EC10090F9C0 /* AppImages.swift in Sources */ = {isa = PBXBuildFile; fileRef = AB62366F2B249EC10090F9C0 /* AppImages.swift */; };
		AB6236722B249FC30090F9C0 /* AppColors.swift in Sources */ = {isa = PBXBuildFile; fileRef = AB6236712B249FC30090F9C0 /* AppColors.swift */; };
		AB6236752B24AB7D0090F9C0 /* AppFonts.swift in Sources */ = {isa = PBXBuildFile; fileRef = AB6236742B24AB7D0090F9C0 /* AppFonts.swift */; };
		AB6236782B24B4680090F9C0 /* SplashScreenAnimated.swift in Sources */ = {isa = PBXBuildFile; fileRef = AB6236772B24B4680090F9C0 /* SplashScreenAnimated.swift */; };
		AB62367A2B24BC0A0090F9C0 /* InitView.swift in Sources */ = {isa = PBXBuildFile; fileRef = AB6236792B24BC0A0090F9C0 /* InitView.swift */; };
		AB62367C2B24C6260090F9C0 /* OnBoardingView.swift in Sources */ = {isa = PBXBuildFile; fileRef = AB62367B2B24C6260090F9C0 /* OnBoardingView.swift */; };
		AB62367F2B24D8E10090F9C0 /* View +  Extenstions.swift in Sources */ = {isa = PBXBuildFile; fileRef = AB62367E2B24D8E10090F9C0 /* View +  Extenstions.swift */; };
		AB6236812B24E5D80090F9C0 /* StorageKeys.swift in Sources */ = {isa = PBXBuildFile; fileRef = AB6236802B24E5D80090F9C0 /* StorageKeys.swift */; };
		ABA931722B3048A000BF8F9E /* AuthManager.swift in Sources */ = {isa = PBXBuildFile; fileRef = ABA931712B3048A000BF8F9E /* AuthManager.swift */; };
		ABA931792B30680800BF8F9E /* User.swift in Sources */ = {isa = PBXBuildFile; fileRef = ABA931782B30680800BF8F9E /* User.swift */; };
		ABA9317B2B306B0500BF8F9E /* Validation.swift in Sources */ = {isa = PBXBuildFile; fileRef = ABA9317A2B306B0500BF8F9E /* Validation.swift */; };
		ABA9317E2B306E6100BF8F9E /* ErrorDetails.swift in Sources */ = {isa = PBXBuildFile; fileRef = ABA9317D2B306E6100BF8F9E /* ErrorDetails.swift */; };
		ABBBB0B42B29BFF600A96177 /* OTPTextField.swift in Sources */ = {isa = PBXBuildFile; fileRef = ABBBB0B32B29BFF600A96177 /* OTPTextField.swift */; };
		ABBBB0B62B2CBD9800A96177 /* SessionManager.swift in Sources */ = {isa = PBXBuildFile; fileRef = ABBBB0B52B2CBD9800A96177 /* SessionManager.swift */; };
		ABBBB0BA2B2CBEE800A96177 /* RegisterViewModel.swift in Sources */ = {isa = PBXBuildFile; fileRef = ABBBB0B92B2CBEE800A96177 /* RegisterViewModel.swift */; };
		ABBBB0BC2B2CBEFA00A96177 /* LoginViewModel.swift in Sources */ = {isa = PBXBuildFile; fileRef = ABBBB0BB2B2CBEFA00A96177 /* LoginViewModel.swift */; };
		ABD739062B25E800001D2CBF /* LoginView.swift in Sources */ = {isa = PBXBuildFile; fileRef = ABD739052B25E800001D2CBF /* LoginView.swift */; };
		ABE56D592B220B2D0049083C /* Aman_Real_Estate_iOSApp.swift in Sources */ = {isa = PBXBuildFile; fileRef = ABE56D582B220B2D0049083C /* Aman_Real_Estate_iOSApp.swift */; };
		ABE56D5D2B220B2D0049083C /* Assets.xcassets in Resources */ = {isa = PBXBuildFile; fileRef = ABE56D5C2B220B2D0049083C /* Assets.xcassets */; };
		ABE56D602B220B2D0049083C /* Preview Assets.xcassets in Resources */ = {isa = PBXBuildFile; fileRef = ABE56D5F2B220B2D0049083C /* Preview Assets.xcassets */; };
		ABE56D6A2B220B2E0049083C /* Aman_Real_Estate_iOSTests.swift in Sources */ = {isa = PBXBuildFile; fileRef = ABE56D692B220B2E0049083C /* Aman_Real_Estate_iOSTests.swift */; };
		ABE56D742B220B2E0049083C /* Aman_Real_Estate_iOSUITests.swift in Sources */ = {isa = PBXBuildFile; fileRef = ABE56D732B220B2E0049083C /* Aman_Real_Estate_iOSUITests.swift */; };
		ABE56D762B220B2E0049083C /* Aman_Real_Estate_iOSUITestsLaunchTests.swift in Sources */ = {isa = PBXBuildFile; fileRef = ABE56D752B220B2E0049083C /* Aman_Real_Estate_iOSUITestsLaunchTests.swift */; };
		ABE56D9D2B222FFF0049083C /* Coordinator.swift in Sources */ = {isa = PBXBuildFile; fileRef = ABE56D9C2B222FFF0049083C /* Coordinator.swift */; };
		ABE56D9F2B2238050049083C /* AuthCoordinator.swift in Sources */ = {isa = PBXBuildFile; fileRef = ABE56D9E2B2238050049083C /* AuthCoordinator.swift */; };
		ABEA753E2B25FC9A004C9BAD /* SF-Pro-Display-Medium.ttf in Resources */ = {isa = PBXBuildFile; fileRef = ABD739172B25F425001D2CBF /* SF-Pro-Display-Medium.ttf */; };
		ABEA753F2B25FC9D004C9BAD /* SF-Pro-Display-Regular.ttf in Resources */ = {isa = PBXBuildFile; fileRef = ABD739152B25F425001D2CBF /* SF-Pro-Display-Regular.ttf */; };
		ABEA75402B25FCA1004C9BAD /* SF-Pro-Display-Semibold.ttf in Resources */ = {isa = PBXBuildFile; fileRef = ABD739182B25F425001D2CBF /* SF-Pro-Display-Semibold.ttf */; };
/* End PBXBuildFile section */

/* Begin PBXContainerItemProxy section */
		ABE56D662B220B2E0049083C /* PBXContainerItemProxy */ = {
			isa = PBXContainerItemProxy;
			containerPortal = ABE56D4D2B220B2D0049083C /* Project object */;
			proxyType = 1;
			remoteGlobalIDString = ABE56D542B220B2D0049083C;
			remoteInfo = "Aman Real Estate iOS";
		};
		ABE56D702B220B2E0049083C /* PBXContainerItemProxy */ = {
			isa = PBXContainerItemProxy;
			containerPortal = ABE56D4D2B220B2D0049083C /* Project object */;
			proxyType = 1;
			remoteGlobalIDString = ABE56D542B220B2D0049083C;
			remoteInfo = "Aman Real Estate iOS";
		};
/* End PBXContainerItemProxy section */

/* Begin PBXFileReference section */
		AB0A96392B3AEA8D00EC1C44 /* NavigationBarView.swift */ = {isa = PBXFileReference; lastKnownFileType = sourcecode.swift; path = NavigationBarView.swift; sourceTree = "<group>"; };
		AB0A963B2B3B002100EC1C44 /* NavigationBarModifier.swift */ = {isa = PBXFileReference; lastKnownFileType = sourcecode.swift; path = NavigationBarModifier.swift; sourceTree = "<group>"; };
		AB0A96462B3B03D300EC1C44 /* ProfileCoordinatorView.swift */ = {isa = PBXFileReference; lastKnownFileType = sourcecode.swift; path = ProfileCoordinatorView.swift; sourceTree = "<group>"; };
		AB0A96482B3B041600EC1C44 /* ProfileCoordinator.swift */ = {isa = PBXFileReference; lastKnownFileType = sourcecode.swift; path = ProfileCoordinator.swift; sourceTree = "<group>"; };
		AB0A964A2B3B13C300EC1C44 /* ProfileView.swift */ = {isa = PBXFileReference; lastKnownFileType = sourcecode.swift; path = ProfileView.swift; sourceTree = "<group>"; };
		AB1F745F2B347C450097D70A /* ForgetPasswordView.swift */ = {isa = PBXFileReference; lastKnownFileType = sourcecode.swift; path = ForgetPasswordView.swift; sourceTree = "<group>"; };
		AB22E2CE2B3458DF00B6B562 /* GoogleService-Info.plist */ = {isa = PBXFileReference; fileEncoding = 4; lastKnownFileType = text.plist.xml; path = "GoogleService-Info.plist"; sourceTree = "<group>"; };
		AB31BE1A2B260040004D3915 /* Roboto-Bold.ttf */ = {isa = PBXFileReference; lastKnownFileType = file; path = "Roboto-Bold.ttf"; sourceTree = "<group>"; };
		AB31BE1C2B262479004D3915 /* CustomTextField.swift */ = {isa = PBXFileReference; lastKnownFileType = sourcecode.swift; path = CustomTextField.swift; sourceTree = "<group>"; };
		AB31BE232B269B99004D3915 /* RegisterView.swift */ = {isa = PBXFileReference; lastKnownFileType = sourcecode.swift; path = RegisterView.swift; sourceTree = "<group>"; };
		AB501AFF2B2859F100A5968D /* AuthCoordinatorView.swift */ = {isa = PBXFileReference; lastKnownFileType = sourcecode.swift; path = AuthCoordinatorView.swift; sourceTree = "<group>"; };
		AB501B052B285EDF00A5968D /* Country.swift */ = {isa = PBXFileReference; lastKnownFileType = sourcecode.swift; path = Country.swift; sourceTree = "<group>"; };
		AB501B082B285F0C00A5968D /* CountryCodes.json */ = {isa = PBXFileReference; fileEncoding = 4; lastKnownFileType = text.json; path = CountryCodes.json; sourceTree = "<group>"; };
		AB501B0A2B285F8900A5968D /* BaseAuthViewModel.swift */ = {isa = PBXFileReference; lastKnownFileType = sourcecode.swift; path = BaseAuthViewModel.swift; sourceTree = "<group>"; };
		AB501B0E2B28626400A5968D /* CountryCodesViewModel.swift */ = {isa = PBXFileReference; lastKnownFileType = sourcecode.swift; path = CountryCodesViewModel.swift; sourceTree = "<group>"; };
		AB501B102B286D0A00A5968D /* CountryCodesView.swift */ = {isa = PBXFileReference; lastKnownFileType = sourcecode.swift; path = CountryCodesView.swift; sourceTree = "<group>"; };
		AB501B162B29AB3600A5968D /* OTPView.swift */ = {isa = PBXFileReference; lastKnownFileType = sourcecode.swift; path = OTPView.swift; sourceTree = "<group>"; };
		AB62366D2B249EA00090F9C0 /* SystemDesign.swift */ = {isa = PBXFileReference; lastKnownFileType = sourcecode.swift; path = SystemDesign.swift; sourceTree = "<group>"; };
		AB62366F2B249EC10090F9C0 /* AppImages.swift */ = {isa = PBXFileReference; lastKnownFileType = sourcecode.swift; path = AppImages.swift; sourceTree = "<group>"; };
		AB6236712B249FC30090F9C0 /* AppColors.swift */ = {isa = PBXFileReference; lastKnownFileType = sourcecode.swift; path = AppColors.swift; sourceTree = "<group>"; };
		AB6236742B24AB7D0090F9C0 /* AppFonts.swift */ = {isa = PBXFileReference; lastKnownFileType = sourcecode.swift; path = AppFonts.swift; sourceTree = "<group>"; };
		AB6236772B24B4680090F9C0 /* SplashScreenAnimated.swift */ = {isa = PBXFileReference; lastKnownFileType = sourcecode.swift; path = SplashScreenAnimated.swift; sourceTree = "<group>"; };
		AB6236792B24BC0A0090F9C0 /* InitView.swift */ = {isa = PBXFileReference; lastKnownFileType = sourcecode.swift; path = InitView.swift; sourceTree = "<group>"; };
		AB62367B2B24C6260090F9C0 /* OnBoardingView.swift */ = {isa = PBXFileReference; lastKnownFileType = sourcecode.swift; path = OnBoardingView.swift; sourceTree = "<group>"; };
		AB62367E2B24D8E10090F9C0 /* View +  Extenstions.swift */ = {isa = PBXFileReference; lastKnownFileType = sourcecode.swift; path = "View +  Extenstions.swift"; sourceTree = "<group>"; };
		AB6236802B24E5D80090F9C0 /* StorageKeys.swift */ = {isa = PBXFileReference; lastKnownFileType = sourcecode.swift; path = StorageKeys.swift; sourceTree = "<group>"; };
		ABA931712B3048A000BF8F9E /* AuthManager.swift */ = {isa = PBXFileReference; lastKnownFileType = sourcecode.swift; path = AuthManager.swift; sourceTree = "<group>"; };
		ABA931782B30680800BF8F9E /* User.swift */ = {isa = PBXFileReference; lastKnownFileType = sourcecode.swift; path = User.swift; sourceTree = "<group>"; };
		ABA9317A2B306B0500BF8F9E /* Validation.swift */ = {isa = PBXFileReference; lastKnownFileType = sourcecode.swift; path = Validation.swift; sourceTree = "<group>"; };
		ABA9317D2B306E6100BF8F9E /* ErrorDetails.swift */ = {isa = PBXFileReference; lastKnownFileType = sourcecode.swift; path = ErrorDetails.swift; sourceTree = "<group>"; };
		ABBBB0B32B29BFF600A96177 /* OTPTextField.swift */ = {isa = PBXFileReference; lastKnownFileType = sourcecode.swift; path = OTPTextField.swift; sourceTree = "<group>"; };
		ABBBB0B52B2CBD9800A96177 /* SessionManager.swift */ = {isa = PBXFileReference; lastKnownFileType = sourcecode.swift; path = SessionManager.swift; sourceTree = "<group>"; };
		ABBBB0B92B2CBEE800A96177 /* RegisterViewModel.swift */ = {isa = PBXFileReference; lastKnownFileType = sourcecode.swift; path = RegisterViewModel.swift; sourceTree = "<group>"; };
		ABBBB0BB2B2CBEFA00A96177 /* LoginViewModel.swift */ = {isa = PBXFileReference; lastKnownFileType = sourcecode.swift; path = LoginViewModel.swift; sourceTree = "<group>"; };
		ABD739052B25E800001D2CBF /* LoginView.swift */ = {isa = PBXFileReference; lastKnownFileType = sourcecode.swift; path = LoginView.swift; sourceTree = "<group>"; };
		ABD739072B25ED21001D2CBF /* Aman-Real-Estate-iOS-Info.plist */ = {isa = PBXFileReference; lastKnownFileType = text.plist; path = "Aman-Real-Estate-iOS-Info.plist"; sourceTree = SOURCE_ROOT; };
		ABD739152B25F425001D2CBF /* SF-Pro-Display-Regular.ttf */ = {isa = PBXFileReference; lastKnownFileType = file; path = "SF-Pro-Display-Regular.ttf"; sourceTree = "<group>"; };
		ABD739162B25F425001D2CBF /* SF-Pro-Display-Bold.ttf */ = {isa = PBXFileReference; lastKnownFileType = file; path = "SF-Pro-Display-Bold.ttf"; sourceTree = "<group>"; };
		ABD739172B25F425001D2CBF /* SF-Pro-Display-Medium.ttf */ = {isa = PBXFileReference; lastKnownFileType = file; path = "SF-Pro-Display-Medium.ttf"; sourceTree = "<group>"; };
		ABD739182B25F425001D2CBF /* SF-Pro-Display-Semibold.ttf */ = {isa = PBXFileReference; lastKnownFileType = file; path = "SF-Pro-Display-Semibold.ttf"; sourceTree = "<group>"; };
		ABE56D552B220B2D0049083C /* Aman Real Estate iOS.app */ = {isa = PBXFileReference; explicitFileType = wrapper.application; includeInIndex = 0; path = "Aman Real Estate iOS.app"; sourceTree = BUILT_PRODUCTS_DIR; };
		ABE56D582B220B2D0049083C /* Aman_Real_Estate_iOSApp.swift */ = {isa = PBXFileReference; lastKnownFileType = sourcecode.swift; path = Aman_Real_Estate_iOSApp.swift; sourceTree = "<group>"; };
		ABE56D5C2B220B2D0049083C /* Assets.xcassets */ = {isa = PBXFileReference; lastKnownFileType = folder.assetcatalog; path = Assets.xcassets; sourceTree = "<group>"; };
		ABE56D5F2B220B2D0049083C /* Preview Assets.xcassets */ = {isa = PBXFileReference; lastKnownFileType = folder.assetcatalog; path = "Preview Assets.xcassets"; sourceTree = "<group>"; };
		ABE56D652B220B2E0049083C /* Aman Real Estate iOSTests.xctest */ = {isa = PBXFileReference; explicitFileType = wrapper.cfbundle; includeInIndex = 0; path = "Aman Real Estate iOSTests.xctest"; sourceTree = BUILT_PRODUCTS_DIR; };
		ABE56D692B220B2E0049083C /* Aman_Real_Estate_iOSTests.swift */ = {isa = PBXFileReference; lastKnownFileType = sourcecode.swift; path = Aman_Real_Estate_iOSTests.swift; sourceTree = "<group>"; };
		ABE56D6F2B220B2E0049083C /* Aman Real Estate iOSUITests.xctest */ = {isa = PBXFileReference; explicitFileType = wrapper.cfbundle; includeInIndex = 0; path = "Aman Real Estate iOSUITests.xctest"; sourceTree = BUILT_PRODUCTS_DIR; };
		ABE56D732B220B2E0049083C /* Aman_Real_Estate_iOSUITests.swift */ = {isa = PBXFileReference; lastKnownFileType = sourcecode.swift; path = Aman_Real_Estate_iOSUITests.swift; sourceTree = "<group>"; };
		ABE56D752B220B2E0049083C /* Aman_Real_Estate_iOSUITestsLaunchTests.swift */ = {isa = PBXFileReference; lastKnownFileType = sourcecode.swift; path = Aman_Real_Estate_iOSUITestsLaunchTests.swift; sourceTree = "<group>"; };
		ABE56D9C2B222FFF0049083C /* Coordinator.swift */ = {isa = PBXFileReference; lastKnownFileType = sourcecode.swift; path = Coordinator.swift; sourceTree = "<group>"; };
		ABE56D9E2B2238050049083C /* AuthCoordinator.swift */ = {isa = PBXFileReference; lastKnownFileType = sourcecode.swift; path = AuthCoordinator.swift; sourceTree = "<group>"; };
/* End PBXFileReference section */

/* Begin PBXFrameworksBuildPhase section */
		ABE56D522B220B2D0049083C /* Frameworks */ = {
			isa = PBXFrameworksBuildPhase;
			buildActionMask = 2147483647;
			files = (
				AB22E2D22B345A7700B6B562 /* FirebaseAuth in Frameworks */,
				AB22E2D82B345A7700B6B562 /* FirebaseStorage in Frameworks */,
				AB22E2D42B345A7700B6B562 /* FirebaseFirestore in Frameworks */,
				AB22E2D62B345A7700B6B562 /* FirebaseFirestoreSwift in Frameworks */,
			);
			runOnlyForDeploymentPostprocessing = 0;
		};
		ABE56D622B220B2E0049083C /* Frameworks */ = {
			isa = PBXFrameworksBuildPhase;
			buildActionMask = 2147483647;
			files = (
			);
			runOnlyForDeploymentPostprocessing = 0;
		};
		ABE56D6C2B220B2E0049083C /* Frameworks */ = {
			isa = PBXFrameworksBuildPhase;
			buildActionMask = 2147483647;
			files = (
			);
			runOnlyForDeploymentPostprocessing = 0;
		};
/* End PBXFrameworksBuildPhase section */

/* Begin PBXGroup section */
		AB0A963D2B3B019A00EC1C44 /* Profile */ = {
			isa = PBXGroup;
			children = (
				AB0A96432B3B03AB00EC1C44 /* Base */,
				AB0A96442B3B03B100EC1C44 /* BusinessLogic */,
				AB0A96422B3B039C00EC1C44 /* Coordinator */,
				AB0A96412B3B020800EC1C44 /* Model */,
				AB0A96402B3B020000EC1C44 /* ViewModel */,
				AB0A963F2B3B01F400EC1C44 /* View */,
			);
			path = Profile;
			sourceTree = "<group>";
		};
		AB0A963F2B3B01F400EC1C44 /* View */ = {
			isa = PBXGroup;
			children = (
				AB0A964A2B3B13C300EC1C44 /* ProfileView.swift */,
			);
			path = View;
			sourceTree = "<group>";
		};
		AB0A96402B3B020000EC1C44 /* ViewModel */ = {
			isa = PBXGroup;
			children = (
			);
			path = ViewModel;
			sourceTree = "<group>";
		};
		AB0A96412B3B020800EC1C44 /* Model */ = {
			isa = PBXGroup;
			children = (
			);
			path = Model;
			sourceTree = "<group>";
		};
		AB0A96422B3B039C00EC1C44 /* Coordinator */ = {
			isa = PBXGroup;
			children = (
				AB0A96462B3B03D300EC1C44 /* ProfileCoordinatorView.swift */,
			);
			path = Coordinator;
			sourceTree = "<group>";
		};
		AB0A96432B3B03AB00EC1C44 /* Base */ = {
			isa = PBXGroup;
			children = (
			);
			path = Base;
			sourceTree = "<group>";
		};
		AB0A96442B3B03B100EC1C44 /* BusinessLogic */ = {
			isa = PBXGroup;
			children = (
			);
			path = BusinessLogic;
			sourceTree = "<group>";
		};
		AB31BE1B2B26246A004D3915 /* Custom */ = {
			isa = PBXGroup;
			children = (
				AB31BE1C2B262479004D3915 /* CustomTextField.swift */,
				AB0A963B2B3B002100EC1C44 /* NavigationBarModifier.swift */,
			);
			path = Custom;
			sourceTree = "<group>";
		};
		AB31BE1E2B269B4F004D3915 /* Login */ = {
			isa = PBXGroup;
			children = (
				ABE56D8B2B220CC40049083C /* Model */,
				ABE56D8A2B220CBE0049083C /* ViewModel */,
				ABE56D892B220CB90049083C /* View */,
			);
			path = Login;
			sourceTree = "<group>";
		};
		AB31BE1F2B269B69004D3915 /* Register */ = {
			isa = PBXGroup;
			children = (
				AB31BE222B269B89004D3915 /* Model */,
				AB31BE212B269B83004D3915 /* ViewModel */,
				AB31BE202B269B7E004D3915 /* View */,
			);
			path = Register;
			sourceTree = "<group>";
		};
		AB31BE202B269B7E004D3915 /* View */ = {
			isa = PBXGroup;
			children = (
				AB31BE232B269B99004D3915 /* RegisterView.swift */,
			);
			path = View;
			sourceTree = "<group>";
		};
		AB31BE212B269B83004D3915 /* ViewModel */ = {
			isa = PBXGroup;
			children = (
				ABBBB0B92B2CBEE800A96177 /* RegisterViewModel.swift */,
			);
			path = ViewModel;
			sourceTree = "<group>";
		};
		AB31BE222B269B89004D3915 /* Model */ = {
			isa = PBXGroup;
			children = (
			);
			path = Model;
			sourceTree = "<group>";
		};
		AB501AFE2B2859DF00A5968D /* Coordinator */ = {
			isa = PBXGroup;
			children = (
				AB501AFF2B2859F100A5968D /* AuthCoordinatorView.swift */,
			);
			path = Coordinator;
			sourceTree = "<group>";
		};
		AB501B012B285E7200A5968D /* CountryCodes */ = {
			isa = PBXGroup;
			children = (
				AB501B072B285EFF00A5968D /* CountriesData */,
				AB501B022B285E9900A5968D /* Model */,
				AB501B032B285E9F00A5968D /* ViewModel */,
				AB501B042B285EA700A5968D /* View */,
			);
			path = CountryCodes;
			sourceTree = "<group>";
		};
		AB501B022B285E9900A5968D /* Model */ = {
			isa = PBXGroup;
			children = (
				AB501B052B285EDF00A5968D /* Country.swift */,
			);
			path = Model;
			sourceTree = "<group>";
		};
		AB501B032B285E9F00A5968D /* ViewModel */ = {
			isa = PBXGroup;
			children = (
				AB501B0E2B28626400A5968D /* CountryCodesViewModel.swift */,
			);
			path = ViewModel;
			sourceTree = "<group>";
		};
		AB501B042B285EA700A5968D /* View */ = {
			isa = PBXGroup;
			children = (
				AB501B102B286D0A00A5968D /* CountryCodesView.swift */,
			);
			path = View;
			sourceTree = "<group>";
		};
		AB501B072B285EFF00A5968D /* CountriesData */ = {
			isa = PBXGroup;
			children = (
				AB501B082B285F0C00A5968D /* CountryCodes.json */,
			);
			path = CountriesData;
			sourceTree = "<group>";
		};
		AB501B0C2B2860CB00A5968D /* Base */ = {
			isa = PBXGroup;
			children = (
				ABA931732B3048A400BF8F9E /* Model */,
				AB501B0D2B2860D200A5968D /* ViewModel */,
			);
			path = Base;
			sourceTree = "<group>";
		};
		AB501B0D2B2860D200A5968D /* ViewModel */ = {
			isa = PBXGroup;
			children = (
				AB501B0A2B285F8900A5968D /* BaseAuthViewModel.swift */,
				ABBBB0B52B2CBD9800A96177 /* SessionManager.swift */,
			);
			path = ViewModel;
			sourceTree = "<group>";
		};
		AB501B122B29AAE000A5968D /* OTP */ = {
			isa = PBXGroup;
			children = (
				AB501B152B29AB0900A5968D /* Model */,
				AB501B142B29AB0300A5968D /* ViewModel */,
				AB501B132B29AAFD00A5968D /* View */,
			);
			path = OTP;
			sourceTree = "<group>";
		};
		AB501B132B29AAFD00A5968D /* View */ = {
			isa = PBXGroup;
			children = (
				AB501B162B29AB3600A5968D /* OTPView.swift */,
				ABBBB0B32B29BFF600A96177 /* OTPTextField.swift */,
			);
			path = View;
			sourceTree = "<group>";
		};
		AB501B142B29AB0300A5968D /* ViewModel */ = {
			isa = PBXGroup;
			children = (
			);
			path = ViewModel;
			sourceTree = "<group>";
		};
		AB501B152B29AB0900A5968D /* Model */ = {
			isa = PBXGroup;
			children = (
			);
			path = Model;
			sourceTree = "<group>";
		};
		AB62366C2B249E8E0090F9C0 /* SystemDesign */ = {
			isa = PBXGroup;
			children = (
				AB62366D2B249EA00090F9C0 /* SystemDesign.swift */,
				AB62366F2B249EC10090F9C0 /* AppImages.swift */,
				AB6236712B249FC30090F9C0 /* AppColors.swift */,
				AB6236742B24AB7D0090F9C0 /* AppFonts.swift */,
			);
			path = SystemDesign;
			sourceTree = "<group>";
		};
		AB6236762B24B4320090F9C0 /* OnBoardingCycle */ = {
			isa = PBXGroup;
			children = (
				AB6236772B24B4680090F9C0 /* SplashScreenAnimated.swift */,
				AB62367B2B24C6260090F9C0 /* OnBoardingView.swift */,
			);
			path = OnBoardingCycle;
			sourceTree = "<group>";
		};
		AB62367D2B24D8D10090F9C0 /* Extenstions */ = {
			isa = PBXGroup;
			children = (
				AB62367E2B24D8E10090F9C0 /* View +  Extenstions.swift */,
			);
			path = Extenstions;
			sourceTree = "<group>";
		};
		ABA931732B3048A400BF8F9E /* Model */ = {
			isa = PBXGroup;
			children = (
				ABA931782B30680800BF8F9E /* User.swift */,
				ABA9317D2B306E6100BF8F9E /* ErrorDetails.swift */,
			);
			path = Model;
			sourceTree = "<group>";
		};
		ABA9317C2B306B4200BF8F9E /* BusinessLogic */ = {
			isa = PBXGroup;
			children = (
				ABA9317A2B306B0500BF8F9E /* Validation.swift */,
				ABA931712B3048A000BF8F9E /* AuthManager.swift */,
			);
			path = BusinessLogic;
			sourceTree = "<group>";
		};
		ABD739082B25ED51001D2CBF /* Fonts */ = {
			isa = PBXGroup;
			children = (
				AB31BE1A2B260040004D3915 /* Roboto-Bold.ttf */,
				ABD739162B25F425001D2CBF /* SF-Pro-Display-Bold.ttf */,
				ABD739172B25F425001D2CBF /* SF-Pro-Display-Medium.ttf */,
				ABD739152B25F425001D2CBF /* SF-Pro-Display-Regular.ttf */,
				ABD739182B25F425001D2CBF /* SF-Pro-Display-Semibold.ttf */,
			);
			path = Fonts;
			sourceTree = "<group>";
		};
		ABE56D4C2B220B2D0049083C = {
			isa = PBXGroup;
			children = (
				ABE56D572B220B2D0049083C /* Aman Real Estate iOS */,
				ABE56D682B220B2E0049083C /* Aman Real Estate iOSTests */,
				ABE56D722B220B2E0049083C /* Aman Real Estate iOSUITests */,
				ABE56D562B220B2D0049083C /* Products */,
			);
			sourceTree = "<group>";
		};
		ABE56D562B220B2D0049083C /* Products */ = {
			isa = PBXGroup;
			children = (
				ABE56D552B220B2D0049083C /* Aman Real Estate iOS.app */,
				ABE56D652B220B2E0049083C /* Aman Real Estate iOSTests.xctest */,
				ABE56D6F2B220B2E0049083C /* Aman Real Estate iOSUITests.xctest */,
			);
			name = Products;
			sourceTree = "<group>";
		};
		ABE56D572B220B2D0049083C /* Aman Real Estate iOS */ = {
			isa = PBXGroup;
			children = (
				AB22E2CE2B3458DF00B6B562 /* GoogleService-Info.plist */,
				ABD739072B25ED21001D2CBF /* Aman-Real-Estate-iOS-Info.plist */,
				ABE56D9B2B222FDB0049083C /* Coordinator */,
				ABE56D832B220C360049083C /* Base */,
				ABE56D842B220C3D0049083C /* Scenes */,
				ABE56D822B220C300049083C /* Resources */,
				ABE56D5C2B220B2D0049083C /* Assets.xcassets */,
				ABE56D5E2B220B2D0049083C /* Preview Content */,
			);
			path = "Aman Real Estate iOS";
			sourceTree = "<group>";
		};
		ABE56D5E2B220B2D0049083C /* Preview Content */ = {
			isa = PBXGroup;
			children = (
				ABE56D5F2B220B2D0049083C /* Preview Assets.xcassets */,
			);
			path = "Preview Content";
			sourceTree = "<group>";
		};
		ABE56D682B220B2E0049083C /* Aman Real Estate iOSTests */ = {
			isa = PBXGroup;
			children = (
				ABE56D692B220B2E0049083C /* Aman_Real_Estate_iOSTests.swift */,
			);
			path = "Aman Real Estate iOSTests";
			sourceTree = "<group>";
		};
		ABE56D722B220B2E0049083C /* Aman Real Estate iOSUITests */ = {
			isa = PBXGroup;
			children = (
				ABE56D732B220B2E0049083C /* Aman_Real_Estate_iOSUITests.swift */,
				ABE56D752B220B2E0049083C /* Aman_Real_Estate_iOSUITestsLaunchTests.swift */,
			);
			path = "Aman Real Estate iOSUITests";
			sourceTree = "<group>";
		};
		ABE56D822B220C300049083C /* Resources */ = {
			isa = PBXGroup;
			children = (
				ABD739082B25ED51001D2CBF /* Fonts */,
				AB62367D2B24D8D10090F9C0 /* Extenstions */,
				AB62366C2B249E8E0090F9C0 /* SystemDesign */,
			);
			path = Resources;
			sourceTree = "<group>";
		};
		ABE56D832B220C360049083C /* Base */ = {
			isa = PBXGroup;
			children = (
				ABE56D882B220C6B0049083C /* Model */,
				ABE56D872B220C600049083C /* ViewModel */,
				ABE56D862B220C550049083C /* View */,
			);
			path = Base;
			sourceTree = "<group>";
		};
		ABE56D842B220C3D0049083C /* Scenes */ = {
			isa = PBXGroup;
			children = (
				AB6236762B24B4320090F9C0 /* OnBoardingCycle */,
				ABE56D852B220C480049083C /* AuthCycle */,
				AB0A963D2B3B019A00EC1C44 /* Profile */,
			);
			path = Scenes;
			sourceTree = "<group>";
		};
		ABE56D852B220C480049083C /* AuthCycle */ = {
			isa = PBXGroup;
			children = (
				AB501B0C2B2860CB00A5968D /* Base */,
				ABA9317C2B306B4200BF8F9E /* BusinessLogic */,
				AB501AFE2B2859DF00A5968D /* Coordinator */,
				AB31BE1E2B269B4F004D3915 /* Login */,
				AB31BE1F2B269B69004D3915 /* Register */,
				AB501B012B285E7200A5968D /* CountryCodes */,
				AB501B122B29AAE000A5968D /* OTP */,
			);
			path = AuthCycle;
			sourceTree = "<group>";
		};
		ABE56D862B220C550049083C /* View */ = {
			isa = PBXGroup;
			children = (
				ABE56D582B220B2D0049083C /* Aman_Real_Estate_iOSApp.swift */,
				AB6236792B24BC0A0090F9C0 /* InitView.swift */,
				AB0A96392B3AEA8D00EC1C44 /* NavigationBarView.swift */,
				AB31BE1B2B26246A004D3915 /* Custom */,
			);
			path = View;
			sourceTree = "<group>";
		};
		ABE56D872B220C600049083C /* ViewModel */ = {
			isa = PBXGroup;
			children = (
			);
			path = ViewModel;
			sourceTree = "<group>";
		};
		ABE56D882B220C6B0049083C /* Model */ = {
			isa = PBXGroup;
			children = (
				AB6236802B24E5D80090F9C0 /* StorageKeys.swift */,
			);
			path = Model;
			sourceTree = "<group>";
		};
		ABE56D892B220CB90049083C /* View */ = {
			isa = PBXGroup;
			children = (
				ABD739052B25E800001D2CBF /* LoginView.swift */,
				AB1F745F2B347C450097D70A /* ForgetPasswordView.swift */,
			);
			path = View;
			sourceTree = "<group>";
		};
		ABE56D8A2B220CBE0049083C /* ViewModel */ = {
			isa = PBXGroup;
			children = (
				ABBBB0BB2B2CBEFA00A96177 /* LoginViewModel.swift */,
			);
			path = ViewModel;
			sourceTree = "<group>";
		};
		ABE56D8B2B220CC40049083C /* Model */ = {
			isa = PBXGroup;
			children = (
			);
			path = Model;
			sourceTree = "<group>";
		};
		ABE56D9B2B222FDB0049083C /* Coordinator */ = {
			isa = PBXGroup;
			children = (
				ABE56D9C2B222FFF0049083C /* Coordinator.swift */,
				ABE56D9E2B2238050049083C /* AuthCoordinator.swift */,
				AB0A96482B3B041600EC1C44 /* ProfileCoordinator.swift */,
			);
			path = Coordinator;
			sourceTree = "<group>";
		};
/* End PBXGroup section */

/* Begin PBXNativeTarget section */
		ABE56D542B220B2D0049083C /* Aman Real Estate iOS */ = {
			isa = PBXNativeTarget;
			buildConfigurationList = ABE56D792B220B2E0049083C /* Build configuration list for PBXNativeTarget "Aman Real Estate iOS" */;
			buildPhases = (
				ABE56D512B220B2D0049083C /* Sources */,
				ABE56D522B220B2D0049083C /* Frameworks */,
				ABE56D532B220B2D0049083C /* Resources */,
			);
			buildRules = (
			);
			dependencies = (
			);
			name = "Aman Real Estate iOS";
			packageProductDependencies = (
				AB22E2D12B345A7700B6B562 /* FirebaseAuth */,
				AB22E2D32B345A7700B6B562 /* FirebaseFirestore */,
				AB22E2D52B345A7700B6B562 /* FirebaseFirestoreSwift */,
				AB22E2D72B345A7700B6B562 /* FirebaseStorage */,
			);
			productName = "Aman Real Estate iOS";
			productReference = ABE56D552B220B2D0049083C /* Aman Real Estate iOS.app */;
			productType = "com.apple.product-type.application";
		};
		ABE56D642B220B2E0049083C /* Aman Real Estate iOSTests */ = {
			isa = PBXNativeTarget;
			buildConfigurationList = ABE56D7C2B220B2E0049083C /* Build configuration list for PBXNativeTarget "Aman Real Estate iOSTests" */;
			buildPhases = (
				ABE56D612B220B2E0049083C /* Sources */,
				ABE56D622B220B2E0049083C /* Frameworks */,
				ABE56D632B220B2E0049083C /* Resources */,
			);
			buildRules = (
			);
			dependencies = (
				ABE56D672B220B2E0049083C /* PBXTargetDependency */,
			);
			name = "Aman Real Estate iOSTests";
			productName = "Aman Real Estate iOSTests";
			productReference = ABE56D652B220B2E0049083C /* Aman Real Estate iOSTests.xctest */;
			productType = "com.apple.product-type.bundle.unit-test";
		};
		ABE56D6E2B220B2E0049083C /* Aman Real Estate iOSUITests */ = {
			isa = PBXNativeTarget;
			buildConfigurationList = ABE56D7F2B220B2E0049083C /* Build configuration list for PBXNativeTarget "Aman Real Estate iOSUITests" */;
			buildPhases = (
				ABE56D6B2B220B2E0049083C /* Sources */,
				ABE56D6C2B220B2E0049083C /* Frameworks */,
				ABE56D6D2B220B2E0049083C /* Resources */,
			);
			buildRules = (
			);
			dependencies = (
				ABE56D712B220B2E0049083C /* PBXTargetDependency */,
			);
			name = "Aman Real Estate iOSUITests";
			productName = "Aman Real Estate iOSUITests";
			productReference = ABE56D6F2B220B2E0049083C /* Aman Real Estate iOSUITests.xctest */;
			productType = "com.apple.product-type.bundle.ui-testing";
		};
/* End PBXNativeTarget section */

/* Begin PBXProject section */
		ABE56D4D2B220B2D0049083C /* Project object */ = {
			isa = PBXProject;
			attributes = {
				BuildIndependentTargetsInParallel = 1;
				LastSwiftUpdateCheck = 1500;
				LastUpgradeCheck = 1500;
				TargetAttributes = {
					ABE56D542B220B2D0049083C = {
						CreatedOnToolsVersion = 15.0.1;
					};
					ABE56D642B220B2E0049083C = {
						CreatedOnToolsVersion = 15.0.1;
						TestTargetID = ABE56D542B220B2D0049083C;
					};
					ABE56D6E2B220B2E0049083C = {
						CreatedOnToolsVersion = 15.0.1;
						TestTargetID = ABE56D542B220B2D0049083C;
					};
				};
			};
			buildConfigurationList = ABE56D502B220B2D0049083C /* Build configuration list for PBXProject "Aman Real Estate iOS" */;
			compatibilityVersion = "Xcode 14.0";
			developmentRegion = en;
			hasScannedForEncodings = 0;
			knownRegions = (
				en,
				Base,
			);
			mainGroup = ABE56D4C2B220B2D0049083C;
			packageReferences = (
				AB22E2D02B345A7700B6B562 /* XCRemoteSwiftPackageReference "firebase-ios-sdk" */,
			);
			productRefGroup = ABE56D562B220B2D0049083C /* Products */;
			projectDirPath = "";
			projectRoot = "";
			targets = (
				ABE56D542B220B2D0049083C /* Aman Real Estate iOS */,
				ABE56D642B220B2E0049083C /* Aman Real Estate iOSTests */,
				ABE56D6E2B220B2E0049083C /* Aman Real Estate iOSUITests */,
			);
		};
/* End PBXProject section */

/* Begin PBXResourcesBuildPhase section */
		ABE56D532B220B2D0049083C /* Resources */ = {
			isa = PBXResourcesBuildPhase;
			buildActionMask = 2147483647;
			files = (
				ABEA75402B25FCA1004C9BAD /* SF-Pro-Display-Semibold.ttf in Resources */,
				AB22E2CF2B3458DF00B6B562 /* GoogleService-Info.plist in Resources */,
				ABEA753F2B25FC9D004C9BAD /* SF-Pro-Display-Regular.ttf in Resources */,
				ABEA753E2B25FC9A004C9BAD /* SF-Pro-Display-Medium.ttf in Resources */,
				AB501B092B285F0C00A5968D /* CountryCodes.json in Resources */,
				ABE56D602B220B2D0049083C /* Preview Assets.xcassets in Resources */,
				ABE56D5D2B220B2D0049083C /* Assets.xcassets in Resources */,
				AB31BE192B25FFF4004D3915 /* SF-Pro-Display-Bold.ttf in Resources */,
			);
			runOnlyForDeploymentPostprocessing = 0;
		};
		ABE56D632B220B2E0049083C /* Resources */ = {
			isa = PBXResourcesBuildPhase;
			buildActionMask = 2147483647;
			files = (
			);
			runOnlyForDeploymentPostprocessing = 0;
		};
		ABE56D6D2B220B2E0049083C /* Resources */ = {
			isa = PBXResourcesBuildPhase;
			buildActionMask = 2147483647;
			files = (
			);
			runOnlyForDeploymentPostprocessing = 0;
		};
/* End PBXResourcesBuildPhase section */

/* Begin PBXSourcesBuildPhase section */
		ABE56D512B220B2D0049083C /* Sources */ = {
			isa = PBXSourcesBuildPhase;
			buildActionMask = 2147483647;
			files = (
				AB0A964B2B3B13C300EC1C44 /* ProfileView.swift in Sources */,
				AB6236722B249FC30090F9C0 /* AppColors.swift in Sources */,
				ABBBB0B62B2CBD9800A96177 /* SessionManager.swift in Sources */,
				AB501B002B2859F100A5968D /* AuthCoordinatorView.swift in Sources */,
				ABA931722B3048A000BF8F9E /* AuthManager.swift in Sources */,
				AB0A96492B3B041600EC1C44 /* ProfileCoordinator.swift in Sources */,
				AB501B112B286D0A00A5968D /* CountryCodesView.swift in Sources */,
				ABA931792B30680800BF8F9E /* User.swift in Sources */,
				ABA9317B2B306B0500BF8F9E /* Validation.swift in Sources */,
				AB62367F2B24D8E10090F9C0 /* View +  Extenstions.swift in Sources */,
				AB6236702B249EC10090F9C0 /* AppImages.swift in Sources */,
				AB6236812B24E5D80090F9C0 /* StorageKeys.swift in Sources */,
				AB0A963C2B3B002100EC1C44 /* NavigationBarModifier.swift in Sources */,
				AB501B0B2B285F8900A5968D /* BaseAuthViewModel.swift in Sources */,
				AB1F74602B347C450097D70A /* ForgetPasswordView.swift in Sources */,
				ABBBB0B42B29BFF600A96177 /* OTPTextField.swift in Sources */,
				AB62366E2B249EA00090F9C0 /* SystemDesign.swift in Sources */,
				ABE56D592B220B2D0049083C /* Aman_Real_Estate_iOSApp.swift in Sources */,
				AB6236782B24B4680090F9C0 /* SplashScreenAnimated.swift in Sources */,
				AB0A963A2B3AEA8D00EC1C44 /* NavigationBarView.swift in Sources */,
				AB31BE1D2B262479004D3915 /* CustomTextField.swift in Sources */,
				ABBBB0BC2B2CBEFA00A96177 /* LoginViewModel.swift in Sources */,
				AB501B062B285EDF00A5968D /* Country.swift in Sources */,
				AB31BE242B269B99004D3915 /* RegisterView.swift in Sources */,
				AB0A96472B3B03D300EC1C44 /* ProfileCoordinatorView.swift in Sources */,
				AB62367C2B24C6260090F9C0 /* OnBoardingView.swift in Sources */,
				AB501B172B29AB3600A5968D /* OTPView.swift in Sources */,
				AB501B0F2B28626400A5968D /* CountryCodesViewModel.swift in Sources */,
				ABE56D9D2B222FFF0049083C /* Coordinator.swift in Sources */,
				ABBBB0BA2B2CBEE800A96177 /* RegisterViewModel.swift in Sources */,
				AB6236752B24AB7D0090F9C0 /* AppFonts.swift in Sources */,
				AB62367A2B24BC0A0090F9C0 /* InitView.swift in Sources */,
				ABE56D9F2B2238050049083C /* AuthCoordinator.swift in Sources */,
				ABD739062B25E800001D2CBF /* LoginView.swift in Sources */,
				ABA9317E2B306E6100BF8F9E /* ErrorDetails.swift in Sources */,
			);
			runOnlyForDeploymentPostprocessing = 0;
		};
		ABE56D612B220B2E0049083C /* Sources */ = {
			isa = PBXSourcesBuildPhase;
			buildActionMask = 2147483647;
			files = (
				ABE56D6A2B220B2E0049083C /* Aman_Real_Estate_iOSTests.swift in Sources */,
			);
			runOnlyForDeploymentPostprocessing = 0;
		};
		ABE56D6B2B220B2E0049083C /* Sources */ = {
			isa = PBXSourcesBuildPhase;
			buildActionMask = 2147483647;
			files = (
				ABE56D742B220B2E0049083C /* Aman_Real_Estate_iOSUITests.swift in Sources */,
				ABE56D762B220B2E0049083C /* Aman_Real_Estate_iOSUITestsLaunchTests.swift in Sources */,
			);
			runOnlyForDeploymentPostprocessing = 0;
		};
/* End PBXSourcesBuildPhase section */

/* Begin PBXTargetDependency section */
		ABE56D672B220B2E0049083C /* PBXTargetDependency */ = {
			isa = PBXTargetDependency;
			target = ABE56D542B220B2D0049083C /* Aman Real Estate iOS */;
			targetProxy = ABE56D662B220B2E0049083C /* PBXContainerItemProxy */;
		};
		ABE56D712B220B2E0049083C /* PBXTargetDependency */ = {
			isa = PBXTargetDependency;
			target = ABE56D542B220B2D0049083C /* Aman Real Estate iOS */;
			targetProxy = ABE56D702B220B2E0049083C /* PBXContainerItemProxy */;
		};
/* End PBXTargetDependency section */

/* Begin XCBuildConfiguration section */
		ABE56D772B220B2E0049083C /* Debug */ = {
			isa = XCBuildConfiguration;
			buildSettings = {
				ALWAYS_SEARCH_USER_PATHS = NO;
				ASSETCATALOG_COMPILER_GENERATE_SWIFT_ASSET_SYMBOL_EXTENSIONS = YES;
				CLANG_ANALYZER_NONNULL = YES;
				CLANG_ANALYZER_NUMBER_OBJECT_CONVERSION = YES_AGGRESSIVE;
				CLANG_CXX_LANGUAGE_STANDARD = "gnu++20";
				CLANG_ENABLE_MODULES = YES;
				CLANG_ENABLE_OBJC_ARC = YES;
				CLANG_ENABLE_OBJC_WEAK = YES;
				CLANG_WARN_BLOCK_CAPTURE_AUTORELEASING = YES;
				CLANG_WARN_BOOL_CONVERSION = YES;
				CLANG_WARN_COMMA = YES;
				CLANG_WARN_CONSTANT_CONVERSION = YES;
				CLANG_WARN_DEPRECATED_OBJC_IMPLEMENTATIONS = YES;
				CLANG_WARN_DIRECT_OBJC_ISA_USAGE = YES_ERROR;
				CLANG_WARN_DOCUMENTATION_COMMENTS = YES;
				CLANG_WARN_EMPTY_BODY = YES;
				CLANG_WARN_ENUM_CONVERSION = YES;
				CLANG_WARN_INFINITE_RECURSION = YES;
				CLANG_WARN_INT_CONVERSION = YES;
				CLANG_WARN_NON_LITERAL_NULL_CONVERSION = YES;
				CLANG_WARN_OBJC_IMPLICIT_RETAIN_SELF = YES;
				CLANG_WARN_OBJC_LITERAL_CONVERSION = YES;
				CLANG_WARN_OBJC_ROOT_CLASS = YES_ERROR;
				CLANG_WARN_QUOTED_INCLUDE_IN_FRAMEWORK_HEADER = YES;
				CLANG_WARN_RANGE_LOOP_ANALYSIS = YES;
				CLANG_WARN_STRICT_PROTOTYPES = YES;
				CLANG_WARN_SUSPICIOUS_MOVE = YES;
				CLANG_WARN_UNGUARDED_AVAILABILITY = YES_AGGRESSIVE;
				CLANG_WARN_UNREACHABLE_CODE = YES;
				CLANG_WARN__DUPLICATE_METHOD_MATCH = YES;
				COPY_PHASE_STRIP = NO;
				DEBUG_INFORMATION_FORMAT = dwarf;
				ENABLE_STRICT_OBJC_MSGSEND = YES;
				ENABLE_TESTABILITY = YES;
				ENABLE_USER_SCRIPT_SANDBOXING = YES;
				GCC_C_LANGUAGE_STANDARD = gnu17;
				GCC_DYNAMIC_NO_PIC = NO;
				GCC_NO_COMMON_BLOCKS = YES;
				GCC_OPTIMIZATION_LEVEL = 0;
				GCC_PREPROCESSOR_DEFINITIONS = (
					"DEBUG=1",
					"$(inherited)",
				);
				GCC_WARN_64_TO_32_BIT_CONVERSION = YES;
				GCC_WARN_ABOUT_RETURN_TYPE = YES_ERROR;
				GCC_WARN_UNDECLARED_SELECTOR = YES;
				GCC_WARN_UNINITIALIZED_AUTOS = YES_AGGRESSIVE;
				GCC_WARN_UNUSED_FUNCTION = YES;
				GCC_WARN_UNUSED_VARIABLE = YES;
				IPHONEOS_DEPLOYMENT_TARGET = 17.0;
				LOCALIZATION_PREFERS_STRING_CATALOGS = YES;
				MTL_ENABLE_DEBUG_INFO = INCLUDE_SOURCE;
				MTL_FAST_MATH = YES;
				ONLY_ACTIVE_ARCH = YES;
				SDKROOT = iphoneos;
				SWIFT_ACTIVE_COMPILATION_CONDITIONS = "DEBUG $(inherited)";
				SWIFT_OPTIMIZATION_LEVEL = "-Onone";
			};
			name = Debug;
		};
		ABE56D782B220B2E0049083C /* Release */ = {
			isa = XCBuildConfiguration;
			buildSettings = {
				ALWAYS_SEARCH_USER_PATHS = NO;
				ASSETCATALOG_COMPILER_GENERATE_SWIFT_ASSET_SYMBOL_EXTENSIONS = YES;
				CLANG_ANALYZER_NONNULL = YES;
				CLANG_ANALYZER_NUMBER_OBJECT_CONVERSION = YES_AGGRESSIVE;
				CLANG_CXX_LANGUAGE_STANDARD = "gnu++20";
				CLANG_ENABLE_MODULES = YES;
				CLANG_ENABLE_OBJC_ARC = YES;
				CLANG_ENABLE_OBJC_WEAK = YES;
				CLANG_WARN_BLOCK_CAPTURE_AUTORELEASING = YES;
				CLANG_WARN_BOOL_CONVERSION = YES;
				CLANG_WARN_COMMA = YES;
				CLANG_WARN_CONSTANT_CONVERSION = YES;
				CLANG_WARN_DEPRECATED_OBJC_IMPLEMENTATIONS = YES;
				CLANG_WARN_DIRECT_OBJC_ISA_USAGE = YES_ERROR;
				CLANG_WARN_DOCUMENTATION_COMMENTS = YES;
				CLANG_WARN_EMPTY_BODY = YES;
				CLANG_WARN_ENUM_CONVERSION = YES;
				CLANG_WARN_INFINITE_RECURSION = YES;
				CLANG_WARN_INT_CONVERSION = YES;
				CLANG_WARN_NON_LITERAL_NULL_CONVERSION = YES;
				CLANG_WARN_OBJC_IMPLICIT_RETAIN_SELF = YES;
				CLANG_WARN_OBJC_LITERAL_CONVERSION = YES;
				CLANG_WARN_OBJC_ROOT_CLASS = YES_ERROR;
				CLANG_WARN_QUOTED_INCLUDE_IN_FRAMEWORK_HEADER = YES;
				CLANG_WARN_RANGE_LOOP_ANALYSIS = YES;
				CLANG_WARN_STRICT_PROTOTYPES = YES;
				CLANG_WARN_SUSPICIOUS_MOVE = YES;
				CLANG_WARN_UNGUARDED_AVAILABILITY = YES_AGGRESSIVE;
				CLANG_WARN_UNREACHABLE_CODE = YES;
				CLANG_WARN__DUPLICATE_METHOD_MATCH = YES;
				COPY_PHASE_STRIP = NO;
				DEBUG_INFORMATION_FORMAT = "dwarf-with-dsym";
				ENABLE_NS_ASSERTIONS = NO;
				ENABLE_STRICT_OBJC_MSGSEND = YES;
				ENABLE_USER_SCRIPT_SANDBOXING = YES;
				GCC_C_LANGUAGE_STANDARD = gnu17;
				GCC_NO_COMMON_BLOCKS = YES;
				GCC_WARN_64_TO_32_BIT_CONVERSION = YES;
				GCC_WARN_ABOUT_RETURN_TYPE = YES_ERROR;
				GCC_WARN_UNDECLARED_SELECTOR = YES;
				GCC_WARN_UNINITIALIZED_AUTOS = YES_AGGRESSIVE;
				GCC_WARN_UNUSED_FUNCTION = YES;
				GCC_WARN_UNUSED_VARIABLE = YES;
				IPHONEOS_DEPLOYMENT_TARGET = 17.0;
				LOCALIZATION_PREFERS_STRING_CATALOGS = YES;
				MTL_ENABLE_DEBUG_INFO = NO;
				MTL_FAST_MATH = YES;
				SDKROOT = iphoneos;
				SWIFT_COMPILATION_MODE = wholemodule;
				VALIDATE_PRODUCT = YES;
			};
			name = Release;
		};
		ABE56D7A2B220B2E0049083C /* Debug */ = {
			isa = XCBuildConfiguration;
			buildSettings = {
				ASSETCATALOG_COMPILER_APPICON_NAME = AppIcon;
				ASSETCATALOG_COMPILER_GLOBAL_ACCENT_COLOR_NAME = AccentColor;
				CODE_SIGN_STYLE = Automatic;
				CURRENT_PROJECT_VERSION = 1;
				DEVELOPMENT_ASSET_PATHS = "\"Aman Real Estate iOS/Preview Content\"";
				DEVELOPMENT_TEAM = 3Q8FDFK3WX;
				ENABLE_PREVIEWS = YES;
				GENERATE_INFOPLIST_FILE = YES;
				INFOPLIST_FILE = "Aman-Real-Estate-iOS-Info.plist";
				INFOPLIST_KEY_UIApplicationSceneManifest_Generation = YES;
				INFOPLIST_KEY_UIApplicationSupportsIndirectInputEvents = YES;
				INFOPLIST_KEY_UILaunchScreen_Generation = YES;
				INFOPLIST_KEY_UISupportedInterfaceOrientations = UIInterfaceOrientationPortrait;
				IPHONEOS_DEPLOYMENT_TARGET = 17.2;
				LD_RUNPATH_SEARCH_PATHS = (
					"$(inherited)",
					"@executable_path/Frameworks",
				);
				MARKETING_VERSION = 1.0;
				PRODUCT_BUNDLE_IDENTIFIER = com.12488.salah;
				PRODUCT_NAME = "$(TARGET_NAME)";
				SWIFT_EMIT_LOC_STRINGS = YES;
				SWIFT_VERSION = 5.0;
				TARGETED_DEVICE_FAMILY = "1,2";
			};
			name = Debug;
		};
		ABE56D7B2B220B2E0049083C /* Release */ = {
			isa = XCBuildConfiguration;
			buildSettings = {
				ASSETCATALOG_COMPILER_APPICON_NAME = AppIcon;
				ASSETCATALOG_COMPILER_GLOBAL_ACCENT_COLOR_NAME = AccentColor;
				CODE_SIGN_STYLE = Automatic;
				CURRENT_PROJECT_VERSION = 1;
				DEVELOPMENT_ASSET_PATHS = "\"Aman Real Estate iOS/Preview Content\"";
				DEVELOPMENT_TEAM = 3Q8FDFK3WX;
				ENABLE_PREVIEWS = YES;
				GENERATE_INFOPLIST_FILE = YES;
				INFOPLIST_FILE = "Aman-Real-Estate-iOS-Info.plist";
				INFOPLIST_KEY_UIApplicationSceneManifest_Generation = YES;
				INFOPLIST_KEY_UIApplicationSupportsIndirectInputEvents = YES;
				INFOPLIST_KEY_UILaunchScreen_Generation = YES;
				INFOPLIST_KEY_UISupportedInterfaceOrientations = UIInterfaceOrientationPortrait;
				IPHONEOS_DEPLOYMENT_TARGET = 17.2;
				LD_RUNPATH_SEARCH_PATHS = (
					"$(inherited)",
					"@executable_path/Frameworks",
				);
				MARKETING_VERSION = 1.0;
				PRODUCT_BUNDLE_IDENTIFIER = com.12488.salah;
				PRODUCT_NAME = "$(TARGET_NAME)";
				SWIFT_EMIT_LOC_STRINGS = YES;
				SWIFT_VERSION = 5.0;
				TARGETED_DEVICE_FAMILY = "1,2";
			};
			name = Release;
		};
		ABE56D7D2B220B2E0049083C /* Debug */ = {
			isa = XCBuildConfiguration;
			buildSettings = {
				ALWAYS_EMBED_SWIFT_STANDARD_LIBRARIES = YES;
				BUNDLE_LOADER = "$(TEST_HOST)";
				CODE_SIGN_STYLE = Automatic;
				CURRENT_PROJECT_VERSION = 1;
				DEVELOPMENT_TEAM = 3Q8FDFK3WX;
				GENERATE_INFOPLIST_FILE = YES;
				IPHONEOS_DEPLOYMENT_TARGET = 17.0;
				MARKETING_VERSION = 1.0;
				PRODUCT_BUNDLE_IDENTIFIER = "com.salah.12488.Aman-Real-Estate-iOSTests";
				PRODUCT_NAME = "$(TARGET_NAME)";
				SWIFT_EMIT_LOC_STRINGS = NO;
				SWIFT_VERSION = 5.0;
				TARGETED_DEVICE_FAMILY = "1,2";
				TEST_HOST = "$(BUILT_PRODUCTS_DIR)/Aman Real Estate iOS.app/$(BUNDLE_EXECUTABLE_FOLDER_PATH)/Aman Real Estate iOS";
			};
			name = Debug;
		};
		ABE56D7E2B220B2E0049083C /* Release */ = {
			isa = XCBuildConfiguration;
			buildSettings = {
				ALWAYS_EMBED_SWIFT_STANDARD_LIBRARIES = YES;
				BUNDLE_LOADER = "$(TEST_HOST)";
				CODE_SIGN_STYLE = Automatic;
				CURRENT_PROJECT_VERSION = 1;
				DEVELOPMENT_TEAM = 3Q8FDFK3WX;
				GENERATE_INFOPLIST_FILE = YES;
				IPHONEOS_DEPLOYMENT_TARGET = 17.0;
				MARKETING_VERSION = 1.0;
				PRODUCT_BUNDLE_IDENTIFIER = "com.salah.12488.Aman-Real-Estate-iOSTests";
				PRODUCT_NAME = "$(TARGET_NAME)";
				SWIFT_EMIT_LOC_STRINGS = NO;
				SWIFT_VERSION = 5.0;
				TARGETED_DEVICE_FAMILY = "1,2";
				TEST_HOST = "$(BUILT_PRODUCTS_DIR)/Aman Real Estate iOS.app/$(BUNDLE_EXECUTABLE_FOLDER_PATH)/Aman Real Estate iOS";
			};
			name = Release;
		};
		ABE56D802B220B2E0049083C /* Debug */ = {
			isa = XCBuildConfiguration;
			buildSettings = {
				ALWAYS_EMBED_SWIFT_STANDARD_LIBRARIES = YES;
				CODE_SIGN_STYLE = Automatic;
				CURRENT_PROJECT_VERSION = 1;
				DEVELOPMENT_TEAM = 3Q8FDFK3WX;
				GENERATE_INFOPLIST_FILE = YES;
				MARKETING_VERSION = 1.0;
				PRODUCT_BUNDLE_IDENTIFIER = "com.salah.12488.Aman-Real-Estate-iOSUITests";
				PRODUCT_NAME = "$(TARGET_NAME)";
				SWIFT_EMIT_LOC_STRINGS = NO;
				SWIFT_VERSION = 5.0;
				TARGETED_DEVICE_FAMILY = "1,2";
				TEST_TARGET_NAME = "Aman Real Estate iOS";
			};
			name = Debug;
		};
		ABE56D812B220B2E0049083C /* Release */ = {
			isa = XCBuildConfiguration;
			buildSettings = {
				ALWAYS_EMBED_SWIFT_STANDARD_LIBRARIES = YES;
				CODE_SIGN_STYLE = Automatic;
				CURRENT_PROJECT_VERSION = 1;
				DEVELOPMENT_TEAM = 3Q8FDFK3WX;
				GENERATE_INFOPLIST_FILE = YES;
				MARKETING_VERSION = 1.0;
				PRODUCT_BUNDLE_IDENTIFIER = "com.salah.12488.Aman-Real-Estate-iOSUITests";
				PRODUCT_NAME = "$(TARGET_NAME)";
				SWIFT_EMIT_LOC_STRINGS = NO;
				SWIFT_VERSION = 5.0;
				TARGETED_DEVICE_FAMILY = "1,2";
				TEST_TARGET_NAME = "Aman Real Estate iOS";
			};
			name = Release;
		};
/* End XCBuildConfiguration section */

/* Begin XCConfigurationList section */
		ABE56D502B220B2D0049083C /* Build configuration list for PBXProject "Aman Real Estate iOS" */ = {
			isa = XCConfigurationList;
			buildConfigurations = (
				ABE56D772B220B2E0049083C /* Debug */,
				ABE56D782B220B2E0049083C /* Release */,
			);
			defaultConfigurationIsVisible = 0;
			defaultConfigurationName = Release;
		};
		ABE56D792B220B2E0049083C /* Build configuration list for PBXNativeTarget "Aman Real Estate iOS" */ = {
			isa = XCConfigurationList;
			buildConfigurations = (
				ABE56D7A2B220B2E0049083C /* Debug */,
				ABE56D7B2B220B2E0049083C /* Release */,
			);
			defaultConfigurationIsVisible = 0;
			defaultConfigurationName = Release;
		};
		ABE56D7C2B220B2E0049083C /* Build configuration list for PBXNativeTarget "Aman Real Estate iOSTests" */ = {
			isa = XCConfigurationList;
			buildConfigurations = (
				ABE56D7D2B220B2E0049083C /* Debug */,
				ABE56D7E2B220B2E0049083C /* Release */,
			);
			defaultConfigurationIsVisible = 0;
			defaultConfigurationName = Release;
		};
		ABE56D7F2B220B2E0049083C /* Build configuration list for PBXNativeTarget "Aman Real Estate iOSUITests" */ = {
			isa = XCConfigurationList;
			buildConfigurations = (
				ABE56D802B220B2E0049083C /* Debug */,
				ABE56D812B220B2E0049083C /* Release */,
			);
			defaultConfigurationIsVisible = 0;
			defaultConfigurationName = Release;
		};
/* End XCConfigurationList section */

/* Begin XCRemoteSwiftPackageReference section */
		AB22E2D02B345A7700B6B562 /* XCRemoteSwiftPackageReference "firebase-ios-sdk" */ = {
			isa = XCRemoteSwiftPackageReference;
			repositoryURL = "https://github.com/firebase/firebase-ios-sdk";
			requirement = {
				kind = upToNextMajorVersion;
				minimumVersion = 10.19.1;
			};
		};
/* End XCRemoteSwiftPackageReference section */

/* Begin XCSwiftPackageProductDependency section */
		AB22E2D12B345A7700B6B562 /* FirebaseAuth */ = {
			isa = XCSwiftPackageProductDependency;
			package = AB22E2D02B345A7700B6B562 /* XCRemoteSwiftPackageReference "firebase-ios-sdk" */;
			productName = FirebaseAuth;
		};
		AB22E2D32B345A7700B6B562 /* FirebaseFirestore */ = {
			isa = XCSwiftPackageProductDependency;
			package = AB22E2D02B345A7700B6B562 /* XCRemoteSwiftPackageReference "firebase-ios-sdk" */;
			productName = FirebaseFirestore;
		};
		AB22E2D52B345A7700B6B562 /* FirebaseFirestoreSwift */ = {
			isa = XCSwiftPackageProductDependency;
			package = AB22E2D02B345A7700B6B562 /* XCRemoteSwiftPackageReference "firebase-ios-sdk" */;
			productName = FirebaseFirestoreSwift;
		};
		AB22E2D72B345A7700B6B562 /* FirebaseStorage */ = {
			isa = XCSwiftPackageProductDependency;
			package = AB22E2D02B345A7700B6B562 /* XCRemoteSwiftPackageReference "firebase-ios-sdk" */;
			productName = FirebaseStorage;
		};
/* End XCSwiftPackageProductDependency section */
	};
	rootObject = ABE56D4D2B220B2D0049083C /* Project object */;
}
