// !$*UTF8*$!
{
	archiveVersion = 1;
	classes = {
	};
	objectVersion = 56;
	objects = {

/* Begin PBXBuildFile section */
		AB62366E2B249EA00090F9C0 /* SystemDesign.swift in Sources */ = {isa = PBXBuildFile; fileRef = AB62366D2B249EA00090F9C0 /* SystemDesign.swift */; };
		AB6236702B249EC10090F9C0 /* AppImages.swift in Sources */ = {isa = PBXBuildFile; fileRef = AB62366F2B249EC10090F9C0 /* AppImages.swift */; };
		AB6236722B249FC30090F9C0 /* AppColors.swift in Sources */ = {isa = PBXBuildFile; fileRef = AB6236712B249FC30090F9C0 /* AppColors.swift */; };
		AB6236752B24AB7D0090F9C0 /* AppFonts.swift in Sources */ = {isa = PBXBuildFile; fileRef = AB6236742B24AB7D0090F9C0 /* AppFonts.swift */; };
		AB6236782B24B4680090F9C0 /* SplashScreenAnimated.swift in Sources */ = {isa = PBXBuildFile; fileRef = AB6236772B24B4680090F9C0 /* SplashScreenAnimated.swift */; };
		AB62367A2B24BC0A0090F9C0 /* ContainerView.swift in Sources */ = {isa = PBXBuildFile; fileRef = AB6236792B24BC0A0090F9C0 /* ContainerView.swift */; };
		AB62367C2B24C6260090F9C0 /* OnBoardingView.swift in Sources */ = {isa = PBXBuildFile; fileRef = AB62367B2B24C6260090F9C0 /* OnBoardingView.swift */; };
		AB62367F2B24D8E10090F9C0 /* View +  Extenstions.swift in Sources */ = {isa = PBXBuildFile; fileRef = AB62367E2B24D8E10090F9C0 /* View +  Extenstions.swift */; };
		AB6236812B24E5D80090F9C0 /* StorageKeys.swift in Sources */ = {isa = PBXBuildFile; fileRef = AB6236802B24E5D80090F9C0 /* StorageKeys.swift */; };
		ABE56D592B220B2D0049083C /* Aman_Real_Estate_iOSApp.swift in Sources */ = {isa = PBXBuildFile; fileRef = ABE56D582B220B2D0049083C /* Aman_Real_Estate_iOSApp.swift */; };
		ABE56D5B2B220B2D0049083C /* ContentView.swift in Sources */ = {isa = PBXBuildFile; fileRef = ABE56D5A2B220B2D0049083C /* ContentView.swift */; };
		ABE56D5D2B220B2D0049083C /* Assets.xcassets in Resources */ = {isa = PBXBuildFile; fileRef = ABE56D5C2B220B2D0049083C /* Assets.xcassets */; };
		ABE56D602B220B2D0049083C /* Preview Assets.xcassets in Resources */ = {isa = PBXBuildFile; fileRef = ABE56D5F2B220B2D0049083C /* Preview Assets.xcassets */; };
		ABE56D6A2B220B2E0049083C /* Aman_Real_Estate_iOSTests.swift in Sources */ = {isa = PBXBuildFile; fileRef = ABE56D692B220B2E0049083C /* Aman_Real_Estate_iOSTests.swift */; };
		ABE56D742B220B2E0049083C /* Aman_Real_Estate_iOSUITests.swift in Sources */ = {isa = PBXBuildFile; fileRef = ABE56D732B220B2E0049083C /* Aman_Real_Estate_iOSUITests.swift */; };
		ABE56D762B220B2E0049083C /* Aman_Real_Estate_iOSUITestsLaunchTests.swift in Sources */ = {isa = PBXBuildFile; fileRef = ABE56D752B220B2E0049083C /* Aman_Real_Estate_iOSUITestsLaunchTests.swift */; };
		ABE56D902B220F180049083C /* FirebaseAuth in Frameworks */ = {isa = PBXBuildFile; productRef = ABE56D8F2B220F180049083C /* FirebaseAuth */; };
		ABE56D922B220F180049083C /* FirebaseFirestore in Frameworks */ = {isa = PBXBuildFile; productRef = ABE56D912B220F180049083C /* FirebaseFirestore */; };
		ABE56D942B220F180049083C /* FirebaseFirestoreSwift in Frameworks */ = {isa = PBXBuildFile; productRef = ABE56D932B220F180049083C /* FirebaseFirestoreSwift */; };
		ABE56D962B220F180049083C /* FirebaseStorage in Frameworks */ = {isa = PBXBuildFile; productRef = ABE56D952B220F180049083C /* FirebaseStorage */; };
		ABE56D9A2B2216980049083C /* CoordinatorView.swift in Sources */ = {isa = PBXBuildFile; fileRef = ABE56D992B2216980049083C /* CoordinatorView.swift */; };
		ABE56D9D2B222FFF0049083C /* Coordinator.swift in Sources */ = {isa = PBXBuildFile; fileRef = ABE56D9C2B222FFF0049083C /* Coordinator.swift */; };
		ABE56D9F2B2238050049083C /* AuthCoordinator.swift in Sources */ = {isa = PBXBuildFile; fileRef = ABE56D9E2B2238050049083C /* AuthCoordinator.swift */; };
		ABE56DA12B22458E0049083C /* ContentView2.swift in Sources */ = {isa = PBXBuildFile; fileRef = ABE56DA02B22458E0049083C /* ContentView2.swift */; };
/* End PBXBuildFile section */

/* Begin PBXContainerItemProxy section */
		ABE56D662B220B2E0049083C /* PBXContainerItemProxy */ = {
			isa = PBXContainerItemProxy;
			containerPortal = ABE56D4D2B220B2D0049083C /* Project object */;
			proxyType = 1;
			remoteGlobalIDString = ABE56D542B220B2D0049083C;
			remoteInfo = "Aman Real Estate iOS";
		};
		ABE56D702B220B2E0049083C /* PBXContainerItemProxy */ = {
			isa = PBXContainerItemProxy;
			containerPortal = ABE56D4D2B220B2D0049083C /* Project object */;
			proxyType = 1;
			remoteGlobalIDString = ABE56D542B220B2D0049083C;
			remoteInfo = "Aman Real Estate iOS";
		};
/* End PBXContainerItemProxy section */

/* Begin PBXFileReference section */
		AB62366D2B249EA00090F9C0 /* SystemDesign.swift */ = {isa = PBXFileReference; lastKnownFileType = sourcecode.swift; path = SystemDesign.swift; sourceTree = "<group>"; };
		AB62366F2B249EC10090F9C0 /* AppImages.swift */ = {isa = PBXFileReference; lastKnownFileType = sourcecode.swift; path = AppImages.swift; sourceTree = "<group>"; };
		AB6236712B249FC30090F9C0 /* AppColors.swift */ = {isa = PBXFileReference; lastKnownFileType = sourcecode.swift; path = AppColors.swift; sourceTree = "<group>"; };
		AB6236742B24AB7D0090F9C0 /* AppFonts.swift */ = {isa = PBXFileReference; lastKnownFileType = sourcecode.swift; path = AppFonts.swift; sourceTree = "<group>"; };
		AB6236772B24B4680090F9C0 /* SplashScreenAnimated.swift */ = {isa = PBXFileReference; lastKnownFileType = sourcecode.swift; path = SplashScreenAnimated.swift; sourceTree = "<group>"; };
		AB6236792B24BC0A0090F9C0 /* ContainerView.swift */ = {isa = PBXFileReference; lastKnownFileType = sourcecode.swift; path = ContainerView.swift; sourceTree = "<group>"; };
		AB62367B2B24C6260090F9C0 /* OnBoardingView.swift */ = {isa = PBXFileReference; lastKnownFileType = sourcecode.swift; path = OnBoardingView.swift; sourceTree = "<group>"; };
		AB62367E2B24D8E10090F9C0 /* View +  Extenstions.swift */ = {isa = PBXFileReference; lastKnownFileType = sourcecode.swift; path = "View +  Extenstions.swift"; sourceTree = "<group>"; };
		AB6236802B24E5D80090F9C0 /* StorageKeys.swift */ = {isa = PBXFileReference; lastKnownFileType = sourcecode.swift; path = StorageKeys.swift; sourceTree = "<group>"; };
		ABE56D552B220B2D0049083C /* Aman Real Estate iOS.app */ = {isa = PBXFileReference; explicitFileType = wrapper.application; includeInIndex = 0; path = "Aman Real Estate iOS.app"; sourceTree = BUILT_PRODUCTS_DIR; };
		ABE56D582B220B2D0049083C /* Aman_Real_Estate_iOSApp.swift */ = {isa = PBXFileReference; lastKnownFileType = sourcecode.swift; path = Aman_Real_Estate_iOSApp.swift; sourceTree = "<group>"; };
		ABE56D5A2B220B2D0049083C /* ContentView.swift */ = {isa = PBXFileReference; lastKnownFileType = sourcecode.swift; path = ContentView.swift; sourceTree = "<group>"; };
		ABE56D5C2B220B2D0049083C /* Assets.xcassets */ = {isa = PBXFileReference; lastKnownFileType = folder.assetcatalog; path = Assets.xcassets; sourceTree = "<group>"; };
		ABE56D5F2B220B2D0049083C /* Preview Assets.xcassets */ = {isa = PBXFileReference; lastKnownFileType = folder.assetcatalog; path = "Preview Assets.xcassets"; sourceTree = "<group>"; };
		ABE56D652B220B2E0049083C /* Aman Real Estate iOSTests.xctest */ = {isa = PBXFileReference; explicitFileType = wrapper.cfbundle; includeInIndex = 0; path = "Aman Real Estate iOSTests.xctest"; sourceTree = BUILT_PRODUCTS_DIR; };
		ABE56D692B220B2E0049083C /* Aman_Real_Estate_iOSTests.swift */ = {isa = PBXFileReference; lastKnownFileType = sourcecode.swift; path = Aman_Real_Estate_iOSTests.swift; sourceTree = "<group>"; };
		ABE56D6F2B220B2E0049083C /* Aman Real Estate iOSUITests.xctest */ = {isa = PBXFileReference; explicitFileType = wrapper.cfbundle; includeInIndex = 0; path = "Aman Real Estate iOSUITests.xctest"; sourceTree = BUILT_PRODUCTS_DIR; };
		ABE56D732B220B2E0049083C /* Aman_Real_Estate_iOSUITests.swift */ = {isa = PBXFileReference; lastKnownFileType = sourcecode.swift; path = Aman_Real_Estate_iOSUITests.swift; sourceTree = "<group>"; };
		ABE56D752B220B2E0049083C /* Aman_Real_Estate_iOSUITestsLaunchTests.swift */ = {isa = PBXFileReference; lastKnownFileType = sourcecode.swift; path = Aman_Real_Estate_iOSUITestsLaunchTests.swift; sourceTree = "<group>"; };
		ABE56D992B2216980049083C /* CoordinatorView.swift */ = {isa = PBXFileReference; lastKnownFileType = sourcecode.swift; path = CoordinatorView.swift; sourceTree = "<group>"; };
		ABE56D9C2B222FFF0049083C /* Coordinator.swift */ = {isa = PBXFileReference; lastKnownFileType = sourcecode.swift; path = Coordinator.swift; sourceTree = "<group>"; };
		ABE56D9E2B2238050049083C /* AuthCoordinator.swift */ = {isa = PBXFileReference; lastKnownFileType = sourcecode.swift; path = AuthCoordinator.swift; sourceTree = "<group>"; };
		ABE56DA02B22458E0049083C /* ContentView2.swift */ = {isa = PBXFileReference; lastKnownFileType = sourcecode.swift; path = ContentView2.swift; sourceTree = "<group>"; };
/* End PBXFileReference section */

/* Begin PBXFrameworksBuildPhase section */
		ABE56D522B220B2D0049083C /* Frameworks */ = {
			isa = PBXFrameworksBuildPhase;
			buildActionMask = 2147483647;
			files = (
				ABE56D902B220F180049083C /* FirebaseAuth in Frameworks */,
				ABE56D962B220F180049083C /* FirebaseStorage in Frameworks */,
				ABE56D922B220F180049083C /* FirebaseFirestore in Frameworks */,
				ABE56D942B220F180049083C /* FirebaseFirestoreSwift in Frameworks */,
			);
			runOnlyForDeploymentPostprocessing = 0;
		};
		ABE56D622B220B2E0049083C /* Frameworks */ = {
			isa = PBXFrameworksBuildPhase;
			buildActionMask = 2147483647;
			files = (
			);
			runOnlyForDeploymentPostprocessing = 0;
		};
		ABE56D6C2B220B2E0049083C /* Frameworks */ = {
			isa = PBXFrameworksBuildPhase;
			buildActionMask = 2147483647;
			files = (
			);
			runOnlyForDeploymentPostprocessing = 0;
		};
/* End PBXFrameworksBuildPhase section */

/* Begin PBXGroup section */
		AB62366C2B249E8E0090F9C0 /* SystemDesign */ = {
			isa = PBXGroup;
			children = (
				AB62366D2B249EA00090F9C0 /* SystemDesign.swift */,
				AB62366F2B249EC10090F9C0 /* AppImages.swift */,
				AB6236712B249FC30090F9C0 /* AppColors.swift */,
				AB6236742B24AB7D0090F9C0 /* AppFonts.swift */,
			);
			path = SystemDesign;
			sourceTree = "<group>";
		};
		AB6236762B24B4320090F9C0 /* OnBoardingCycle */ = {
			isa = PBXGroup;
			children = (
				AB6236772B24B4680090F9C0 /* SplashScreenAnimated.swift */,
				AB62367B2B24C6260090F9C0 /* OnBoardingView.swift */,
			);
			path = OnBoardingCycle;
			sourceTree = "<group>";
		};
		AB62367D2B24D8D10090F9C0 /* Extenstions */ = {
			isa = PBXGroup;
			children = (
				AB62367E2B24D8E10090F9C0 /* View +  Extenstions.swift */,
			);
			path = Extenstions;
			sourceTree = "<group>";
		};
		ABE56D4C2B220B2D0049083C = {
			isa = PBXGroup;
			children = (
				ABE56D572B220B2D0049083C /* Aman Real Estate iOS */,
				ABE56D682B220B2E0049083C /* Aman Real Estate iOSTests */,
				ABE56D722B220B2E0049083C /* Aman Real Estate iOSUITests */,
				ABE56D562B220B2D0049083C /* Products */,
			);
			sourceTree = "<group>";
		};
		ABE56D562B220B2D0049083C /* Products */ = {
			isa = PBXGroup;
			children = (
				ABE56D552B220B2D0049083C /* Aman Real Estate iOS.app */,
				ABE56D652B220B2E0049083C /* Aman Real Estate iOSTests.xctest */,
				ABE56D6F2B220B2E0049083C /* Aman Real Estate iOSUITests.xctest */,
			);
			name = Products;
			sourceTree = "<group>";
		};
		ABE56D572B220B2D0049083C /* Aman Real Estate iOS */ = {
			isa = PBXGroup;
			children = (
				ABE56D9B2B222FDB0049083C /* Coordinator */,
				ABE56D832B220C360049083C /* Base */,
				ABE56D842B220C3D0049083C /* Scenes */,
				ABE56D822B220C300049083C /* Resources */,
				ABE56D582B220B2D0049083C /* Aman_Real_Estate_iOSApp.swift */,
				ABE56D5A2B220B2D0049083C /* ContentView.swift */,
				ABE56DA02B22458E0049083C /* ContentView2.swift */,
				ABE56D5C2B220B2D0049083C /* Assets.xcassets */,
				ABE56D5E2B220B2D0049083C /* Preview Content */,
			);
			path = "Aman Real Estate iOS";
			sourceTree = "<group>";
		};
		ABE56D5E2B220B2D0049083C /* Preview Content */ = {
			isa = PBXGroup;
			children = (
				ABE56D5F2B220B2D0049083C /* Preview Assets.xcassets */,
			);
			path = "Preview Content";
			sourceTree = "<group>";
		};
		ABE56D682B220B2E0049083C /* Aman Real Estate iOSTests */ = {
			isa = PBXGroup;
			children = (
				ABE56D692B220B2E0049083C /* Aman_Real_Estate_iOSTests.swift */,
			);
			path = "Aman Real Estate iOSTests";
			sourceTree = "<group>";
		};
		ABE56D722B220B2E0049083C /* Aman Real Estate iOSUITests */ = {
			isa = PBXGroup;
			children = (
				ABE56D732B220B2E0049083C /* Aman_Real_Estate_iOSUITests.swift */,
				ABE56D752B220B2E0049083C /* Aman_Real_Estate_iOSUITestsLaunchTests.swift */,
			);
			path = "Aman Real Estate iOSUITests";
			sourceTree = "<group>";
		};
		ABE56D822B220C300049083C /* Resources */ = {
			isa = PBXGroup;
			children = (
				AB62367D2B24D8D10090F9C0 /* Extenstions */,
				AB62366C2B249E8E0090F9C0 /* SystemDesign */,
			);
			path = Resources;
			sourceTree = "<group>";
		};
		ABE56D832B220C360049083C /* Base */ = {
			isa = PBXGroup;
			children = (
				ABE56D882B220C6B0049083C /* Model */,
				ABE56D872B220C600049083C /* ViewModel */,
				ABE56D862B220C550049083C /* View */,
			);
			path = Base;
			sourceTree = "<group>";
		};
		ABE56D842B220C3D0049083C /* Scenes */ = {
			isa = PBXGroup;
			children = (
				AB6236762B24B4320090F9C0 /* OnBoardingCycle */,
				ABE56D852B220C480049083C /* AuthCycle */,
			);
			path = Scenes;
			sourceTree = "<group>";
		};
		ABE56D852B220C480049083C /* AuthCycle */ = {
			isa = PBXGroup;
			children = (
				ABE56D8B2B220CC40049083C /* Model */,
				ABE56D8A2B220CBE0049083C /* ViewModel */,
				ABE56D892B220CB90049083C /* View */,
			);
			path = AuthCycle;
			sourceTree = "<group>";
		};
		ABE56D862B220C550049083C /* View */ = {
			isa = PBXGroup;
			children = (
				ABE56D992B2216980049083C /* CoordinatorView.swift */,
				AB6236792B24BC0A0090F9C0 /* ContainerView.swift */,
			);
			path = View;
			sourceTree = "<group>";
		};
		ABE56D872B220C600049083C /* ViewModel */ = {
			isa = PBXGroup;
			children = (
			);
			path = ViewModel;
			sourceTree = "<group>";
		};
		ABE56D882B220C6B0049083C /* Model */ = {
			isa = PBXGroup;
			children = (
				AB6236802B24E5D80090F9C0 /* StorageKeys.swift */,
			);
			path = Model;
			sourceTree = "<group>";
		};
		ABE56D892B220CB90049083C /* View */ = {
			isa = PBXGroup;
			children = (
			);
			path = View;
			sourceTree = "<group>";
		};
		ABE56D8A2B220CBE0049083C /* ViewModel */ = {
			isa = PBXGroup;
			children = (
			);
			path = ViewModel;
			sourceTree = "<group>";
		};
		ABE56D8B2B220CC40049083C /* Model */ = {
			isa = PBXGroup;
			children = (
			);
			path = Model;
			sourceTree = "<group>";
		};
		ABE56D9B2B222FDB0049083C /* Coordinator */ = {
			isa = PBXGroup;
			children = (
				ABE56D9C2B222FFF0049083C /* Coordinator.swift */,
				ABE56D9E2B2238050049083C /* AuthCoordinator.swift */,
			);
			path = Coordinator;
			sourceTree = "<group>";
		};
/* End PBXGroup section */

/* Begin PBXNativeTarget section */
		ABE56D542B220B2D0049083C /* Aman Real Estate iOS */ = {
			isa = PBXNativeTarget;
			buildConfigurationList = ABE56D792B220B2E0049083C /* Build configuration list for PBXNativeTarget "Aman Real Estate iOS" */;
			buildPhases = (
				ABE56D512B220B2D0049083C /* Sources */,
				ABE56D522B220B2D0049083C /* Frameworks */,
				ABE56D532B220B2D0049083C /* Resources */,
			);
			buildRules = (
			);
			dependencies = (
			);
			name = "Aman Real Estate iOS";
			packageProductDependencies = (
				ABE56D8F2B220F180049083C /* FirebaseAuth */,
				ABE56D912B220F180049083C /* FirebaseFirestore */,
				ABE56D932B220F180049083C /* FirebaseFirestoreSwift */,
				ABE56D952B220F180049083C /* FirebaseStorage */,
			);
			productName = "Aman Real Estate iOS";
			productReference = ABE56D552B220B2D0049083C /* Aman Real Estate iOS.app */;
			productType = "com.apple.product-type.application";
		};
		ABE56D642B220B2E0049083C /* Aman Real Estate iOSTests */ = {
			isa = PBXNativeTarget;
			buildConfigurationList = ABE56D7C2B220B2E0049083C /* Build configuration list for PBXNativeTarget "Aman Real Estate iOSTests" */;
			buildPhases = (
				ABE56D612B220B2E0049083C /* Sources */,
				ABE56D622B220B2E0049083C /* Frameworks */,
				ABE56D632B220B2E0049083C /* Resources */,
			);
			buildRules = (
			);
			dependencies = (
				ABE56D672B220B2E0049083C /* PBXTargetDependency */,
			);
			name = "Aman Real Estate iOSTests";
			productName = "Aman Real Estate iOSTests";
			productReference = ABE56D652B220B2E0049083C /* Aman Real Estate iOSTests.xctest */;
			productType = "com.apple.product-type.bundle.unit-test";
		};
		ABE56D6E2B220B2E0049083C /* Aman Real Estate iOSUITests */ = {
			isa = PBXNativeTarget;
			buildConfigurationList = ABE56D7F2B220B2E0049083C /* Build configuration list for PBXNativeTarget "Aman Real Estate iOSUITests" */;
			buildPhases = (
				ABE56D6B2B220B2E0049083C /* Sources */,
				ABE56D6C2B220B2E0049083C /* Frameworks */,
				ABE56D6D2B220B2E0049083C /* Resources */,
			);
			buildRules = (
			);
			dependencies = (
				ABE56D712B220B2E0049083C /* PBXTargetDependency */,
			);
			name = "Aman Real Estate iOSUITests";
			productName = "Aman Real Estate iOSUITests";
			productReference = ABE56D6F2B220B2E0049083C /* Aman Real Estate iOSUITests.xctest */;
			productType = "com.apple.product-type.bundle.ui-testing";
		};
/* End PBXNativeTarget section */

/* Begin PBXProject section */
		ABE56D4D2B220B2D0049083C /* Project object */ = {
			isa = PBXProject;
			attributes = {
				BuildIndependentTargetsInParallel = 1;
				LastSwiftUpdateCheck = 1500;
				LastUpgradeCheck = 1500;
				TargetAttributes = {
					ABE56D542B220B2D0049083C = {
						CreatedOnToolsVersion = 15.0.1;
					};
					ABE56D642B220B2E0049083C = {
						CreatedOnToolsVersion = 15.0.1;
						TestTargetID = ABE56D542B220B2D0049083C;
					};
					ABE56D6E2B220B2E0049083C = {
						CreatedOnToolsVersion = 15.0.1;
						TestTargetID = ABE56D542B220B2D0049083C;
					};
				};
			};
			buildConfigurationList = ABE56D502B220B2D0049083C /* Build configuration list for PBXProject "Aman Real Estate iOS" */;
			compatibilityVersion = "Xcode 14.0";
			developmentRegion = en;
			hasScannedForEncodings = 0;
			knownRegions = (
				en,
				Base,
			);
			mainGroup = ABE56D4C2B220B2D0049083C;
			packageReferences = (
				ABE56D8E2B220F180049083C /* XCRemoteSwiftPackageReference "firebase-ios-sdk" */,
			);
			productRefGroup = ABE56D562B220B2D0049083C /* Products */;
			projectDirPath = "";
			projectRoot = "";
			targets = (
				ABE56D542B220B2D0049083C /* Aman Real Estate iOS */,
				ABE56D642B220B2E0049083C /* Aman Real Estate iOSTests */,
				ABE56D6E2B220B2E0049083C /* Aman Real Estate iOSUITests */,
			);
		};
/* End PBXProject section */

/* Begin PBXResourcesBuildPhase section */
		ABE56D532B220B2D0049083C /* Resources */ = {
			isa = PBXResourcesBuildPhase;
			buildActionMask = 2147483647;
			files = (
				ABE56D602B220B2D0049083C /* Preview Assets.xcassets in Resources */,
				ABE56D5D2B220B2D0049083C /* Assets.xcassets in Resources */,
			);
			runOnlyForDeploymentPostprocessing = 0;
		};
		ABE56D632B220B2E0049083C /* Resources */ = {
			isa = PBXResourcesBuildPhase;
			buildActionMask = 2147483647;
			files = (
			);
			runOnlyForDeploymentPostprocessing = 0;
		};
		ABE56D6D2B220B2E0049083C /* Resources */ = {
			isa = PBXResourcesBuildPhase;
			buildActionMask = 2147483647;
			files = (
			);
			runOnlyForDeploymentPostprocessing = 0;
		};
/* End PBXResourcesBuildPhase section */

/* Begin PBXSourcesBuildPhase section */
		ABE56D512B220B2D0049083C /* Sources */ = {
			isa = PBXSourcesBuildPhase;
			buildActionMask = 2147483647;
			files = (
				AB6236722B249FC30090F9C0 /* AppColors.swift in Sources */,
				ABE56D5B2B220B2D0049083C /* ContentView.swift in Sources */,
				AB62367F2B24D8E10090F9C0 /* View +  Extenstions.swift in Sources */,
				AB6236702B249EC10090F9C0 /* AppImages.swift in Sources */,
				AB6236812B24E5D80090F9C0 /* StorageKeys.swift in Sources */,
				AB62366E2B249EA00090F9C0 /* SystemDesign.swift in Sources */,
				ABE56D592B220B2D0049083C /* Aman_Real_Estate_iOSApp.swift in Sources */,
				AB6236782B24B4680090F9C0 /* SplashScreenAnimated.swift in Sources */,
				AB62367C2B24C6260090F9C0 /* OnBoardingView.swift in Sources */,
				ABE56D9D2B222FFF0049083C /* Coordinator.swift in Sources */,
				AB6236752B24AB7D0090F9C0 /* AppFonts.swift in Sources */,
				AB62367A2B24BC0A0090F9C0 /* ContainerView.swift in Sources */,
				ABE56DA12B22458E0049083C /* ContentView2.swift in Sources */,
				ABE56D9F2B2238050049083C /* AuthCoordinator.swift in Sources */,
				ABE56D9A2B2216980049083C /* CoordinatorView.swift in Sources */,
			);
			runOnlyForDeploymentPostprocessing = 0;
		};
		ABE56D612B220B2E0049083C /* Sources */ = {
			isa = PBXSourcesBuildPhase;
			buildActionMask = 2147483647;
			files = (
				ABE56D6A2B220B2E0049083C /* Aman_Real_Estate_iOSTests.swift in Sources */,
			);
			runOnlyForDeploymentPostprocessing = 0;
		};
		ABE56D6B2B220B2E0049083C /* Sources */ = {
			isa = PBXSourcesBuildPhase;
			buildActionMask = 2147483647;
			files = (
				ABE56D742B220B2E0049083C /* Aman_Real_Estate_iOSUITests.swift in Sources */,
				ABE56D762B220B2E0049083C /* Aman_Real_Estate_iOSUITestsLaunchTests.swift in Sources */,
			);
			runOnlyForDeploymentPostprocessing = 0;
		};
/* End PBXSourcesBuildPhase section */

/* Begin PBXTargetDependency section */
		ABE56D672B220B2E0049083C /* PBXTargetDependency */ = {
			isa = PBXTargetDependency;
			target = ABE56D542B220B2D0049083C /* Aman Real Estate iOS */;
			targetProxy = ABE56D662B220B2E0049083C /* PBXContainerItemProxy */;
		};
		ABE56D712B220B2E0049083C /* PBXTargetDependency */ = {
			isa = PBXTargetDependency;
			target = ABE56D542B220B2D0049083C /* Aman Real Estate iOS */;
			targetProxy = ABE56D702B220B2E0049083C /* PBXContainerItemProxy */;
		};
/* End PBXTargetDependency section */

/* Begin XCBuildConfiguration section */
		ABE56D772B220B2E0049083C /* Debug */ = {
			isa = XCBuildConfiguration;
			buildSettings = {
				ALWAYS_SEARCH_USER_PATHS = NO;
				ASSETCATALOG_COMPILER_GENERATE_SWIFT_ASSET_SYMBOL_EXTENSIONS = YES;
				CLANG_ANALYZER_NONNULL = YES;
				CLANG_ANALYZER_NUMBER_OBJECT_CONVERSION = YES_AGGRESSIVE;
				CLANG_CXX_LANGUAGE_STANDARD = "gnu++20";
				CLANG_ENABLE_MODULES = YES;
				CLANG_ENABLE_OBJC_ARC = YES;
				CLANG_ENABLE_OBJC_WEAK = YES;
				CLANG_WARN_BLOCK_CAPTURE_AUTORELEASING = YES;
				CLANG_WARN_BOOL_CONVERSION = YES;
				CLANG_WARN_COMMA = YES;
				CLANG_WARN_CONSTANT_CONVERSION = YES;
				CLANG_WARN_DEPRECATED_OBJC_IMPLEMENTATIONS = YES;
				CLANG_WARN_DIRECT_OBJC_ISA_USAGE = YES_ERROR;
				CLANG_WARN_DOCUMENTATION_COMMENTS = YES;
				CLANG_WARN_EMPTY_BODY = YES;
				CLANG_WARN_ENUM_CONVERSION = YES;
				CLANG_WARN_INFINITE_RECURSION = YES;
				CLANG_WARN_INT_CONVERSION = YES;
				CLANG_WARN_NON_LITERAL_NULL_CONVERSION = YES;
				CLANG_WARN_OBJC_IMPLICIT_RETAIN_SELF = YES;
				CLANG_WARN_OBJC_LITERAL_CONVERSION = YES;
				CLANG_WARN_OBJC_ROOT_CLASS = YES_ERROR;
				CLANG_WARN_QUOTED_INCLUDE_IN_FRAMEWORK_HEADER = YES;
				CLANG_WARN_RANGE_LOOP_ANALYSIS = YES;
				CLANG_WARN_STRICT_PROTOTYPES = YES;
				CLANG_WARN_SUSPICIOUS_MOVE = YES;
				CLANG_WARN_UNGUARDED_AVAILABILITY = YES_AGGRESSIVE;
				CLANG_WARN_UNREACHABLE_CODE = YES;
				CLANG_WARN__DUPLICATE_METHOD_MATCH = YES;
				COPY_PHASE_STRIP = NO;
				DEBUG_INFORMATION_FORMAT = dwarf;
				ENABLE_STRICT_OBJC_MSGSEND = YES;
				ENABLE_TESTABILITY = YES;
				ENABLE_USER_SCRIPT_SANDBOXING = YES;
				GCC_C_LANGUAGE_STANDARD = gnu17;
				GCC_DYNAMIC_NO_PIC = NO;
				GCC_NO_COMMON_BLOCKS = YES;
				GCC_OPTIMIZATION_LEVEL = 0;
				GCC_PREPROCESSOR_DEFINITIONS = (
					"DEBUG=1",
					"$(inherited)",
				);
				GCC_WARN_64_TO_32_BIT_CONVERSION = YES;
				GCC_WARN_ABOUT_RETURN_TYPE = YES_ERROR;
				GCC_WARN_UNDECLARED_SELECTOR = YES;
				GCC_WARN_UNINITIALIZED_AUTOS = YES_AGGRESSIVE;
				GCC_WARN_UNUSED_FUNCTION = YES;
				GCC_WARN_UNUSED_VARIABLE = YES;
				IPHONEOS_DEPLOYMENT_TARGET = 17.0;
				LOCALIZATION_PREFERS_STRING_CATALOGS = YES;
				MTL_ENABLE_DEBUG_INFO = INCLUDE_SOURCE;
				MTL_FAST_MATH = YES;
				ONLY_ACTIVE_ARCH = YES;
				SDKROOT = iphoneos;
				SWIFT_ACTIVE_COMPILATION_CONDITIONS = "DEBUG $(inherited)";
				SWIFT_OPTIMIZATION_LEVEL = "-Onone";
			};
			name = Debug;
		};
		ABE56D782B220B2E0049083C /* Release */ = {
			isa = XCBuildConfiguration;
			buildSettings = {
				ALWAYS_SEARCH_USER_PATHS = NO;
				ASSETCATALOG_COMPILER_GENERATE_SWIFT_ASSET_SYMBOL_EXTENSIONS = YES;
				CLANG_ANALYZER_NONNULL = YES;
				CLANG_ANALYZER_NUMBER_OBJECT_CONVERSION = YES_AGGRESSIVE;
				CLANG_CXX_LANGUAGE_STANDARD = "gnu++20";
				CLANG_ENABLE_MODULES = YES;
				CLANG_ENABLE_OBJC_ARC = YES;
				CLANG_ENABLE_OBJC_WEAK = YES;
				CLANG_WARN_BLOCK_CAPTURE_AUTORELEASING = YES;
				CLANG_WARN_BOOL_CONVERSION = YES;
				CLANG_WARN_COMMA = YES;
				CLANG_WARN_CONSTANT_CONVERSION = YES;
				CLANG_WARN_DEPRECATED_OBJC_IMPLEMENTATIONS = YES;
				CLANG_WARN_DIRECT_OBJC_ISA_USAGE = YES_ERROR;
				CLANG_WARN_DOCUMENTATION_COMMENTS = YES;
				CLANG_WARN_EMPTY_BODY = YES;
				CLANG_WARN_ENUM_CONVERSION = YES;
				CLANG_WARN_INFINITE_RECURSION = YES;
				CLANG_WARN_INT_CONVERSION = YES;
				CLANG_WARN_NON_LITERAL_NULL_CONVERSION = YES;
				CLANG_WARN_OBJC_IMPLICIT_RETAIN_SELF = YES;
				CLANG_WARN_OBJC_LITERAL_CONVERSION = YES;
				CLANG_WARN_OBJC_ROOT_CLASS = YES_ERROR;
				CLANG_WARN_QUOTED_INCLUDE_IN_FRAMEWORK_HEADER = YES;
				CLANG_WARN_RANGE_LOOP_ANALYSIS = YES;
				CLANG_WARN_STRICT_PROTOTYPES = YES;
				CLANG_WARN_SUSPICIOUS_MOVE = YES;
				CLANG_WARN_UNGUARDED_AVAILABILITY = YES_AGGRESSIVE;
				CLANG_WARN_UNREACHABLE_CODE = YES;
				CLANG_WARN__DUPLICATE_METHOD_MATCH = YES;
				COPY_PHASE_STRIP = NO;
				DEBUG_INFORMATION_FORMAT = "dwarf-with-dsym";
				ENABLE_NS_ASSERTIONS = NO;
				ENABLE_STRICT_OBJC_MSGSEND = YES;
				ENABLE_USER_SCRIPT_SANDBOXING = YES;
				GCC_C_LANGUAGE_STANDARD = gnu17;
				GCC_NO_COMMON_BLOCKS = YES;
				GCC_WARN_64_TO_32_BIT_CONVERSION = YES;
				GCC_WARN_ABOUT_RETURN_TYPE = YES_ERROR;
				GCC_WARN_UNDECLARED_SELECTOR = YES;
				GCC_WARN_UNINITIALIZED_AUTOS = YES_AGGRESSIVE;
				GCC_WARN_UNUSED_FUNCTION = YES;
				GCC_WARN_UNUSED_VARIABLE = YES;
				IPHONEOS_DEPLOYMENT_TARGET = 17.0;
				LOCALIZATION_PREFERS_STRING_CATALOGS = YES;
				MTL_ENABLE_DEBUG_INFO = NO;
				MTL_FAST_MATH = YES;
				SDKROOT = iphoneos;
				SWIFT_COMPILATION_MODE = wholemodule;
				VALIDATE_PRODUCT = YES;
			};
			name = Release;
		};
		ABE56D7A2B220B2E0049083C /* Debug */ = {
			isa = XCBuildConfiguration;
			buildSettings = {
				ASSETCATALOG_COMPILER_APPICON_NAME = AppIcon;
				ASSETCATALOG_COMPILER_GLOBAL_ACCENT_COLOR_NAME = AccentColor;
				CODE_SIGN_STYLE = Automatic;
				CURRENT_PROJECT_VERSION = 1;
				DEVELOPMENT_ASSET_PATHS = "\"Aman Real Estate iOS/Preview Content\"";
				DEVELOPMENT_TEAM = 3Q8FDFK3WX;
				ENABLE_PREVIEWS = YES;
				GENERATE_INFOPLIST_FILE = YES;
				INFOPLIST_KEY_UIApplicationSceneManifest_Generation = YES;
				INFOPLIST_KEY_UIApplicationSupportsIndirectInputEvents = YES;
				INFOPLIST_KEY_UILaunchScreen_Generation = YES;
				INFOPLIST_KEY_UISupportedInterfaceOrientations_iPad = "UIInterfaceOrientationPortrait UIInterfaceOrientationPortraitUpsideDown UIInterfaceOrientationLandscapeLeft UIInterfaceOrientationLandscapeRight";
				INFOPLIST_KEY_UISupportedInterfaceOrientations_iPhone = "UIInterfaceOrientationPortrait UIInterfaceOrientationLandscapeLeft UIInterfaceOrientationLandscapeRight";
				LD_RUNPATH_SEARCH_PATHS = (
					"$(inherited)",
					"@executable_path/Frameworks",
				);
				MARKETING_VERSION = 1.0;
				PRODUCT_BUNDLE_IDENTIFIER = com.12488.salah;
				PRODUCT_NAME = "$(TARGET_NAME)";
				SWIFT_EMIT_LOC_STRINGS = YES;
				SWIFT_VERSION = 5.0;
				TARGETED_DEVICE_FAMILY = "1,2";
			};
			name = Debug;
		};
		ABE56D7B2B220B2E0049083C /* Release */ = {
			isa = XCBuildConfiguration;
			buildSettings = {
				ASSETCATALOG_COMPILER_APPICON_NAME = AppIcon;
				ASSETCATALOG_COMPILER_GLOBAL_ACCENT_COLOR_NAME = AccentColor;
				CODE_SIGN_STYLE = Automatic;
				CURRENT_PROJECT_VERSION = 1;
				DEVELOPMENT_ASSET_PATHS = "\"Aman Real Estate iOS/Preview Content\"";
				DEVELOPMENT_TEAM = 3Q8FDFK3WX;
				ENABLE_PREVIEWS = YES;
				GENERATE_INFOPLIST_FILE = YES;
				INFOPLIST_KEY_UIApplicationSceneManifest_Generation = YES;
				INFOPLIST_KEY_UIApplicationSupportsIndirectInputEvents = YES;
				INFOPLIST_KEY_UILaunchScreen_Generation = YES;
				INFOPLIST_KEY_UISupportedInterfaceOrientations_iPad = "UIInterfaceOrientationPortrait UIInterfaceOrientationPortraitUpsideDown UIInterfaceOrientationLandscapeLeft UIInterfaceOrientationLandscapeRight";
				INFOPLIST_KEY_UISupportedInterfaceOrientations_iPhone = "UIInterfaceOrientationPortrait UIInterfaceOrientationLandscapeLeft UIInterfaceOrientationLandscapeRight";
				LD_RUNPATH_SEARCH_PATHS = (
					"$(inherited)",
					"@executable_path/Frameworks",
				);
				MARKETING_VERSION = 1.0;
				PRODUCT_BUNDLE_IDENTIFIER = com.12488.salah;
				PRODUCT_NAME = "$(TARGET_NAME)";
				SWIFT_EMIT_LOC_STRINGS = YES;
				SWIFT_VERSION = 5.0;
				TARGETED_DEVICE_FAMILY = "1,2";
			};
			name = Release;
		};
		ABE56D7D2B220B2E0049083C /* Debug */ = {
			isa = XCBuildConfiguration;
			buildSettings = {
				ALWAYS_EMBED_SWIFT_STANDARD_LIBRARIES = YES;
				BUNDLE_LOADER = "$(TEST_HOST)";
				CODE_SIGN_STYLE = Automatic;
				CURRENT_PROJECT_VERSION = 1;
				DEVELOPMENT_TEAM = 3Q8FDFK3WX;
				GENERATE_INFOPLIST_FILE = YES;
				IPHONEOS_DEPLOYMENT_TARGET = 17.0;
				MARKETING_VERSION = 1.0;
				PRODUCT_BUNDLE_IDENTIFIER = "com.salah.12488.Aman-Real-Estate-iOSTests";
				PRODUCT_NAME = "$(TARGET_NAME)";
				SWIFT_EMIT_LOC_STRINGS = NO;
				SWIFT_VERSION = 5.0;
				TARGETED_DEVICE_FAMILY = "1,2";
				TEST_HOST = "$(BUILT_PRODUCTS_DIR)/Aman Real Estate iOS.app/$(BUNDLE_EXECUTABLE_FOLDER_PATH)/Aman Real Estate iOS";
			};
			name = Debug;
		};
		ABE56D7E2B220B2E0049083C /* Release */ = {
			isa = XCBuildConfiguration;
			buildSettings = {
				ALWAYS_EMBED_SWIFT_STANDARD_LIBRARIES = YES;
				BUNDLE_LOADER = "$(TEST_HOST)";
				CODE_SIGN_STYLE = Automatic;
				CURRENT_PROJECT_VERSION = 1;
				DEVELOPMENT_TEAM = 3Q8FDFK3WX;
				GENERATE_INFOPLIST_FILE = YES;
				IPHONEOS_DEPLOYMENT_TARGET = 17.0;
				MARKETING_VERSION = 1.0;
				PRODUCT_BUNDLE_IDENTIFIER = "com.salah.12488.Aman-Real-Estate-iOSTests";
				PRODUCT_NAME = "$(TARGET_NAME)";
				SWIFT_EMIT_LOC_STRINGS = NO;
				SWIFT_VERSION = 5.0;
				TARGETED_DEVICE_FAMILY = "1,2";
				TEST_HOST = "$(BUILT_PRODUCTS_DIR)/Aman Real Estate iOS.app/$(BUNDLE_EXECUTABLE_FOLDER_PATH)/Aman Real Estate iOS";
			};
			name = Release;
		};
		ABE56D802B220B2E0049083C /* Debug */ = {
			isa = XCBuildConfiguration;
			buildSettings = {
				ALWAYS_EMBED_SWIFT_STANDARD_LIBRARIES = YES;
				CODE_SIGN_STYLE = Automatic;
				CURRENT_PROJECT_VERSION = 1;
				DEVELOPMENT_TEAM = 3Q8FDFK3WX;
				GENERATE_INFOPLIST_FILE = YES;
				MARKETING_VERSION = 1.0;
				PRODUCT_BUNDLE_IDENTIFIER = "com.salah.12488.Aman-Real-Estate-iOSUITests";
				PRODUCT_NAME = "$(TARGET_NAME)";
				SWIFT_EMIT_LOC_STRINGS = NO;
				SWIFT_VERSION = 5.0;
				TARGETED_DEVICE_FAMILY = "1,2";
				TEST_TARGET_NAME = "Aman Real Estate iOS";
			};
			name = Debug;
		};
		ABE56D812B220B2E0049083C /* Release */ = {
			isa = XCBuildConfiguration;
			buildSettings = {
				ALWAYS_EMBED_SWIFT_STANDARD_LIBRARIES = YES;
				CODE_SIGN_STYLE = Automatic;
				CURRENT_PROJECT_VERSION = 1;
				DEVELOPMENT_TEAM = 3Q8FDFK3WX;
				GENERATE_INFOPLIST_FILE = YES;
				MARKETING_VERSION = 1.0;
				PRODUCT_BUNDLE_IDENTIFIER = "com.salah.12488.Aman-Real-Estate-iOSUITests";
				PRODUCT_NAME = "$(TARGET_NAME)";
				SWIFT_EMIT_LOC_STRINGS = NO;
				SWIFT_VERSION = 5.0;
				TARGETED_DEVICE_FAMILY = "1,2";
				TEST_TARGET_NAME = "Aman Real Estate iOS";
			};
			name = Release;
		};
/* End XCBuildConfiguration section */

/* Begin XCConfigurationList section */
		ABE56D502B220B2D0049083C /* Build configuration list for PBXProject "Aman Real Estate iOS" */ = {
			isa = XCConfigurationList;
			buildConfigurations = (
				ABE56D772B220B2E0049083C /* Debug */,
				ABE56D782B220B2E0049083C /* Release */,
			);
			defaultConfigurationIsVisible = 0;
			defaultConfigurationName = Release;
		};
		ABE56D792B220B2E0049083C /* Build configuration list for PBXNativeTarget "Aman Real Estate iOS" */ = {
			isa = XCConfigurationList;
			buildConfigurations = (
				ABE56D7A2B220B2E0049083C /* Debug */,
				ABE56D7B2B220B2E0049083C /* Release */,
			);
			defaultConfigurationIsVisible = 0;
			defaultConfigurationName = Release;
		};
		ABE56D7C2B220B2E0049083C /* Build configuration list for PBXNativeTarget "Aman Real Estate iOSTests" */ = {
			isa = XCConfigurationList;
			buildConfigurations = (
				ABE56D7D2B220B2E0049083C /* Debug */,
				ABE56D7E2B220B2E0049083C /* Release */,
			);
			defaultConfigurationIsVisible = 0;
			defaultConfigurationName = Release;
		};
		ABE56D7F2B220B2E0049083C /* Build configuration list for PBXNativeTarget "Aman Real Estate iOSUITests" */ = {
			isa = XCConfigurationList;
			buildConfigurations = (
				ABE56D802B220B2E0049083C /* Debug */,
				ABE56D812B220B2E0049083C /* Release */,
			);
			defaultConfigurationIsVisible = 0;
			defaultConfigurationName = Release;
		};
/* End XCConfigurationList section */

/* Begin XCRemoteSwiftPackageReference section */
		ABE56D8E2B220F180049083C /* XCRemoteSwiftPackageReference "firebase-ios-sdk" */ = {
			isa = XCRemoteSwiftPackageReference;
			repositoryURL = "https://github.com/firebase/firebase-ios-sdk";
			requirement = {
				kind = upToNextMajorVersion;
				minimumVersion = 10.19.0;
			};
		};
/* End XCRemoteSwiftPackageReference section */

/* Begin XCSwiftPackageProductDependency section */
		ABE56D8F2B220F180049083C /* FirebaseAuth */ = {
			isa = XCSwiftPackageProductDependency;
			package = ABE56D8E2B220F180049083C /* XCRemoteSwiftPackageReference "firebase-ios-sdk" */;
			productName = FirebaseAuth;
		};
		ABE56D912B220F180049083C /* FirebaseFirestore */ = {
			isa = XCSwiftPackageProductDependency;
			package = ABE56D8E2B220F180049083C /* XCRemoteSwiftPackageReference "firebase-ios-sdk" */;
			productName = FirebaseFirestore;
		};
		ABE56D932B220F180049083C /* FirebaseFirestoreSwift */ = {
			isa = XCSwiftPackageProductDependency;
			package = ABE56D8E2B220F180049083C /* XCRemoteSwiftPackageReference "firebase-ios-sdk" */;
			productName = FirebaseFirestoreSwift;
		};
		ABE56D952B220F180049083C /* FirebaseStorage */ = {
			isa = XCSwiftPackageProductDependency;
			package = ABE56D8E2B220F180049083C /* XCRemoteSwiftPackageReference "firebase-ios-sdk" */;
			productName = FirebaseStorage;
		};
/* End XCSwiftPackageProductDependency section */
	};
	rootObject = ABE56D4D2B220B2D0049083C /* Project object */;
}
